// !$*UTF8*$!
{
	archiveVersion = 1;
	classes = {
	};
	objectVersion = 46;
	objects = {

/* Begin PBXBuildFile section */
		510AF3401BEDE55E009E3555 /* main.m in Sources */ = {isa = PBXBuildFile; fileRef = 510AF33F1BEDE55E009E3555 /* main.m */; };
		510AF3491BEDE55F009E3555 /* Main.storyboard in Resources */ = {isa = PBXBuildFile; fileRef = 510AF3471BEDE55F009E3555 /* Main.storyboard */; };
		510AF34B1BEDE55F009E3555 /* Assets.xcassets in Resources */ = {isa = PBXBuildFile; fileRef = 510AF34A1BEDE55F009E3555 /* Assets.xcassets */; };
		510AF34E1BEDE55F009E3555 /* LaunchScreen.storyboard in Resources */ = {isa = PBXBuildFile; fileRef = 510AF34C1BEDE55F009E3555 /* LaunchScreen.storyboard */; };
		510AF3591BEDE55F009E3555 /* Snail_SchoolTests.m in Sources */ = {isa = PBXBuildFile; fileRef = 510AF3581BEDE55F009E3555 /* Snail_SchoolTests.m */; };
		510AF3641BEDE55F009E3555 /* Snail_SchoolUITests.m in Sources */ = {isa = PBXBuildFile; fileRef = 510AF3631BEDE55F009E3555 /* Snail_SchoolUITests.m */; };
		510AF38E1BEDE5B4009E3555 /* AppDelegate.m in Sources */ = {isa = PBXBuildFile; fileRef = 510AF3861BEDE5B4009E3555 /* AppDelegate.m */; settings = {ASSET_TAGS = (); }; };
		510AF38F1BEDE5B4009E3555 /* ViewController.m in Sources */ = {isa = PBXBuildFile; fileRef = 510AF3881BEDE5B4009E3555 /* ViewController.m */; settings = {ASSET_TAGS = (); }; };
		510AF3921BEDED2D009E3555 /* HomeViewController.m in Sources */ = {isa = PBXBuildFile; fileRef = 510AF3911BEDED2D009E3555 /* HomeViewController.m */; settings = {ASSET_TAGS = (); }; };
		5113D4631C0E8554006D1E24 /* HomeAPI.m in Sources */ = {isa = PBXBuildFile; fileRef = 5113D4621C0E8554006D1E24 /* HomeAPI.m */; settings = {ASSET_TAGS = (); }; };
		5113D4661C0E91B4006D1E24 /* homeManager.m in Sources */ = {isa = PBXBuildFile; fileRef = 5113D4651C0E91B4006D1E24 /* homeManager.m */; settings = {ASSET_TAGS = (); }; };
		515320CE1C1A5FFF004AAAC0 /* HomeCollectionViewCell.m in Sources */ = {isa = PBXBuildFile; fileRef = 515320CD1C1A5FFF004AAAC0 /* HomeCollectionViewCell.m */; settings = {ASSET_TAGS = (); }; };
		515320D41C1AB494004AAAC0 /* MySecondHandCell.m in Sources */ = {isa = PBXBuildFile; fileRef = 515320D31C1AB494004AAAC0 /* MySecondHandCell.m */; settings = {ASSET_TAGS = (); }; };
		5154E75F1BF0928D0030E468 /* TriendViewController.m in Sources */ = {isa = PBXBuildFile; fileRef = 5154E75E1BF0928D0030E468 /* TriendViewController.m */; settings = {ASSET_TAGS = (); }; };
		51588D0E1C0BF1F700236C65 /* HomeModel.m in Sources */ = {isa = PBXBuildFile; fileRef = 51588D0D1C0BF1F700236C65 /* HomeModel.m */; settings = {ASSET_TAGS = (); }; };
		515EA56B1C1553A30055C480 /* Localizable.strings in Resources */ = {isa = PBXBuildFile; fileRef = 515EA56A1C1553A30055C480 /* Localizable.strings */; settings = {ASSET_TAGS = (); }; };
		515EA59F1C156DAA0055C480 /* CustomCell.m in Sources */ = {isa = PBXBuildFile; fileRef = 515EA58F1C156DAA0055C480 /* CustomCell.m */; settings = {ASSET_TAGS = (); }; };
		515EA5A01C156DAA0055C480 /* InvitationViewControllerEx.m in Sources */ = {isa = PBXBuildFile; fileRef = 515EA5911C156DAA0055C480 /* InvitationViewControllerEx.m */; settings = {ASSET_TAGS = (); }; };
		515EA5A11C156DAA0055C480 /* RegisterByVoiceCallViewController.m in Sources */ = {isa = PBXBuildFile; fileRef = 515EA5941C156DAA0055C480 /* RegisterByVoiceCallViewController.m */; settings = {ASSET_TAGS = (); }; };
		515EA5A21C156DAA0055C480 /* SubmitViewController.m in Sources */ = {isa = PBXBuildFile; fileRef = 515EA5961C156DAA0055C480 /* SubmitViewController.m */; settings = {ASSET_TAGS = (); }; };
		515EA5A31C156DAA0055C480 /* RegViewController.m in Sources */ = {isa = PBXBuildFile; fileRef = 515EA5981C156DAA0055C480 /* RegViewController.m */; settings = {ASSET_TAGS = (); }; };
		515EA5A41C156DAA0055C480 /* SectionsViewController.m in Sources */ = {isa = PBXBuildFile; fileRef = 515EA59A1C156DAA0055C480 /* SectionsViewController.m */; settings = {ASSET_TAGS = (); }; };
		515EA5A51C156DAA0055C480 /* SectionsViewControllerFriends.m in Sources */ = {isa = PBXBuildFile; fileRef = 515EA59C1C156DAA0055C480 /* SectionsViewControllerFriends.m */; settings = {ASSET_TAGS = (); }; };
		515EA5A61C156DAA0055C480 /* VerifyViewController.m in Sources */ = {isa = PBXBuildFile; fileRef = 515EA59E1C156DAA0055C480 /* VerifyViewController.m */; settings = {ASSET_TAGS = (); }; };
		515EA5A81C1573B60055C480 /* button4.png in Resources */ = {isa = PBXBuildFile; fileRef = 515EA5A71C1573B60055C480 /* button4.png */; settings = {ASSET_TAGS = (); }; };
		515EA5AB1C157A220055C480 /* SettingPassWordViewController.m in Sources */ = {isa = PBXBuildFile; fileRef = 515EA5AA1C157A220055C480 /* SettingPassWordViewController.m */; settings = {ASSET_TAGS = (); }; };
		515EA5AE1C157BBA0055C480 /* SettingPWTableViewCell.m in Sources */ = {isa = PBXBuildFile; fileRef = 515EA5AD1C157BBA0055C480 /* SettingPWTableViewCell.m */; settings = {ASSET_TAGS = (); }; };
		5163AB5F1BF18DC20040AFDC /* HSBViewController.m in Sources */ = {isa = PBXBuildFile; fileRef = 5163AB5E1BF18DC20040AFDC /* HSBViewController.m */; settings = {ASSET_TAGS = (); }; };
		517BC04E1BFAF3C900262C45 /* HomeTableViewCell.m in Sources */ = {isa = PBXBuildFile; fileRef = 517BC04D1BFAF3C900262C45 /* HomeTableViewCell.m */; settings = {ASSET_TAGS = (); }; };
		517BC0561BFAFE6200262C45 /* HTabelHDView.m in Sources */ = {isa = PBXBuildFile; fileRef = 517BC0551BFAFE6200262C45 /* HTabelHDView.m */; settings = {ASSET_TAGS = (); }; };
		5181E4EE1BF97DE900AEDEAD /* HuaTiTableViewCell.m in Sources */ = {isa = PBXBuildFile; fileRef = 5181E4ED1BF97DE900AEDEAD /* HuaTiTableViewCell.m */; settings = {ASSET_TAGS = (); }; };
		5181E4F11BF9CF8B00AEDEAD /* MeViewController.m in Sources */ = {isa = PBXBuildFile; fileRef = 5181E4F01BF9CF8B00AEDEAD /* MeViewController.m */; settings = {ASSET_TAGS = (); }; };
		5181E4F41BF9D2C100AEDEAD /* MeTableViewCell.m in Sources */ = {isa = PBXBuildFile; fileRef = 5181E4F31BF9D2C100AEDEAD /* MeTableViewCell.m */; settings = {ASSET_TAGS = (); }; };
		51A0D76C1BF0438A0035269A /* HomeSearchViewController.m in Sources */ = {isa = PBXBuildFile; fileRef = 51A0D76B1BF0438A0035269A /* HomeSearchViewController.m */; settings = {ASSET_TAGS = (); }; };
		51A0D7721BF051830035269A /* HomeSearchTableViewCell.m in Sources */ = {isa = PBXBuildFile; fileRef = 51A0D7711BF051830035269A /* HomeSearchTableViewCell.m */; settings = {ASSET_TAGS = (); }; };
		51A0D7751BF087140035269A /* HomePreparationViewController.m in Sources */ = {isa = PBXBuildFile; fileRef = 51A0D7741BF087140035269A /* HomePreparationViewController.m */; settings = {ASSET_TAGS = (); }; };
		51B196781C169A2200E049E5 /* HuaiTiDetailTableViewCell.m in Sources */ = {isa = PBXBuildFile; fileRef = 51B196771C169A2200E049E5 /* HuaiTiDetailTableViewCell.m */; settings = {ASSET_TAGS = (); }; };
		51B1967B1C169D7F00E049E5 /* HuaTiDetialViewController.m in Sources */ = {isa = PBXBuildFile; fileRef = 51B1967A1C169D7F00E049E5 /* HuaTiDetialViewController.m */; settings = {ASSET_TAGS = (); }; };
		51B1967E1C1701F300E049E5 /* UIView+LQXkeyboard.m in Sources */ = {isa = PBXBuildFile; fileRef = 51B1967D1C1701F300E049E5 /* UIView+LQXkeyboard.m */; settings = {ASSET_TAGS = (); }; };
		51B50B451BFB269E0027BE2A /* TabBarController.m in Sources */ = {isa = PBXBuildFile; fileRef = 51B50B441BFB269E0027BE2A /* TabBarController.m */; settings = {ASSET_TAGS = (); }; };
		51B50B4B1BFC0D150027BE2A /* XQNewFeatureVC.m in Sources */ = {isa = PBXBuildFile; fileRef = 51B50B4A1BFC0D150027BE2A /* XQNewFeatureVC.m */; settings = {ASSET_TAGS = (); }; };
		51B50B501BFC0D300027BE2A /* 1.png in Resources */ = {isa = PBXBuildFile; fileRef = 51B50B4C1BFC0D300027BE2A /* 1.png */; settings = {ASSET_TAGS = (); }; };
		51B50B511BFC0D300027BE2A /* 2.png in Resources */ = {isa = PBXBuildFile; fileRef = 51B50B4D1BFC0D300027BE2A /* 2.png */; settings = {ASSET_TAGS = (); }; };
		51B50B521BFC0D300027BE2A /* 3.png in Resources */ = {isa = PBXBuildFile; fileRef = 51B50B4E1BFC0D300027BE2A /* 3.png */; settings = {ASSET_TAGS = (); }; };
		51B50B531BFC0D300027BE2A /* 4.png in Resources */ = {isa = PBXBuildFile; fileRef = 51B50B4F1BFC0D300027BE2A /* 4.png */; settings = {ASSET_TAGS = (); }; };
		51B50B561BFC0DD70027BE2A /* XQNewFeatureBaseVc.m in Sources */ = {isa = PBXBuildFile; fileRef = 51B50B551BFC0DD70027BE2A /* XQNewFeatureBaseVc.m */; settings = {ASSET_TAGS = (); }; };
		51BD2E081C154C79009C7E72 /* RegisterViewController.m in Sources */ = {isa = PBXBuildFile; fileRef = 51BD2E071C154C79009C7E72 /* RegisterViewController.m */; settings = {ASSET_TAGS = (); }; };
		51D2D9BF1BFEB8DD009A6478 /* TableViewController.m in Sources */ = {isa = PBXBuildFile; fileRef = 51D2D9BE1BFEB8DD009A6478 /* TableViewController.m */; settings = {ASSET_TAGS = (); }; };
		51D2D9C21BFEBD9A009A6478 /* GoodDetailTableViewCellB.m in Sources */ = {isa = PBXBuildFile; fileRef = 51D2D9C11BFEBD9A009A6478 /* GoodDetailTableViewCellB.m */; settings = {ASSET_TAGS = (); }; };
		51D2D9C51BFEC246009A6478 /* GoodDetailTableViewCellS.m in Sources */ = {isa = PBXBuildFile; fileRef = 51D2D9C41BFEC246009A6478 /* GoodDetailTableViewCellS.m */; settings = {ASSET_TAGS = (); }; };
		51D4DCBF1C1814B8008F7FBA /* UIImage+ZLPhotoLib.m in Sources */ = {isa = PBXBuildFile; fileRef = 51D4DC7E1C1814B8008F7FBA /* UIImage+ZLPhotoLib.m */; settings = {ASSET_TAGS = (); }; };
		51D4DCC01C1814B8008F7FBA /* UIView+ZLExtension.m in Sources */ = {isa = PBXBuildFile; fileRef = 51D4DC801C1814B8008F7FBA /* UIView+ZLExtension.m */; settings = {ASSET_TAGS = (); }; };
		51D4DCC11C1814B8008F7FBA /* ZLCamera.m in Sources */ = {isa = PBXBuildFile; fileRef = 51D4DC851C1814B8008F7FBA /* ZLCamera.m */; settings = {ASSET_TAGS = (); }; };
		51D4DCC21C1814B8008F7FBA /* ZLCameraImageView.m in Sources */ = {isa = PBXBuildFile; fileRef = 51D4DC871C1814B8008F7FBA /* ZLCameraImageView.m */; settings = {ASSET_TAGS = (); }; };
		51D4DCC31C1814B8008F7FBA /* ZLCameraView.m in Sources */ = {isa = PBXBuildFile; fileRef = 51D4DC891C1814B8008F7FBA /* ZLCameraView.m */; settings = {ASSET_TAGS = (); }; };
		51D4DCC41C1814B8008F7FBA /* ZLCameraViewController.m in Sources */ = {isa = PBXBuildFile; fileRef = 51D4DC8B1C1814B8008F7FBA /* ZLCameraViewController.m */; settings = {ASSET_TAGS = (); }; };
		51D4DCC51C1814B8008F7FBA /* ZLPhotoPickerBrowserPhoto.m in Sources */ = {isa = PBXBuildFile; fileRef = 51D4DC901C1814B8008F7FBA /* ZLPhotoPickerBrowserPhoto.m */; settings = {ASSET_TAGS = (); }; };
		51D4DCC61C1814B8008F7FBA /* ZLPhotoRect.m in Sources */ = {isa = PBXBuildFile; fileRef = 51D4DC921C1814B8008F7FBA /* ZLPhotoRect.m */; settings = {ASSET_TAGS = (); }; };
		51D4DCC71C1814B8008F7FBA /* ZLPhotoPickerBrowserViewController+SignlePhotoBrowser.m in Sources */ = {isa = PBXBuildFile; fileRef = 51D4DC951C1814B8008F7FBA /* ZLPhotoPickerBrowserViewController+SignlePhotoBrowser.m */; settings = {ASSET_TAGS = (); }; };
		51D4DCC81C1814B8008F7FBA /* ZLPhotoPickerBrowserViewController.m in Sources */ = {isa = PBXBuildFile; fileRef = 51D4DC971C1814B8008F7FBA /* ZLPhotoPickerBrowserViewController.m */; settings = {ASSET_TAGS = (); }; };
		51D4DCC91C1814B8008F7FBA /* ZLPhotoPickerBrowserPhotoImageView.m in Sources */ = {isa = PBXBuildFile; fileRef = 51D4DC9A1C1814B8008F7FBA /* ZLPhotoPickerBrowserPhotoImageView.m */; settings = {ASSET_TAGS = (); }; };
		51D4DCCA1C1814B8008F7FBA /* ZLPhotoPickerBrowserPhotoScrollView.m in Sources */ = {isa = PBXBuildFile; fileRef = 51D4DC9C1C1814B8008F7FBA /* ZLPhotoPickerBrowserPhotoScrollView.m */; settings = {ASSET_TAGS = (); }; };
		51D4DCCB1C1814B8008F7FBA /* ZLPhotoPickerBrowserPhotoView.m in Sources */ = {isa = PBXBuildFile; fileRef = 51D4DC9E1C1814B8008F7FBA /* ZLPhotoPickerBrowserPhotoView.m */; settings = {ASSET_TAGS = (); }; };
		51D4DCCC1C1814B8008F7FBA /* ZLPhotoPickerCustomToolBarView.m in Sources */ = {isa = PBXBuildFile; fileRef = 51D4DCA01C1814B8008F7FBA /* ZLPhotoPickerCustomToolBarView.m */; settings = {ASSET_TAGS = (); }; };
		51D4DCCD1C1814B8008F7FBA /* ZLPhotoAssets.m in Sources */ = {isa = PBXBuildFile; fileRef = 51D4DCA41C1814B8008F7FBA /* ZLPhotoAssets.m */; settings = {ASSET_TAGS = (); }; };
		51D4DCCE1C1814B8008F7FBA /* ZLPhotoPickerDatas.m in Sources */ = {isa = PBXBuildFile; fileRef = 51D4DCA61C1814B8008F7FBA /* ZLPhotoPickerDatas.m */; settings = {ASSET_TAGS = (); }; };
		51D4DCCF1C1814B8008F7FBA /* ZLPhotoPickerGroup.m in Sources */ = {isa = PBXBuildFile; fileRef = 51D4DCA81C1814B8008F7FBA /* ZLPhotoPickerGroup.m */; settings = {ASSET_TAGS = (); }; };
		51D4DCD01C1814B8008F7FBA /* ZLNavigationController.m in Sources */ = {isa = PBXBuildFile; fileRef = 51D4DCAB1C1814B8008F7FBA /* ZLNavigationController.m */; settings = {ASSET_TAGS = (); }; };
		51D4DCD11C1814B8008F7FBA /* ZLPhotoPickerAssetsViewController.m in Sources */ = {isa = PBXBuildFile; fileRef = 51D4DCAD1C1814B8008F7FBA /* ZLPhotoPickerAssetsViewController.m */; settings = {ASSET_TAGS = (); }; };
		51D4DCD21C1814B8008F7FBA /* ZLPhotoPickerGroupViewController.m in Sources */ = {isa = PBXBuildFile; fileRef = 51D4DCAF1C1814B8008F7FBA /* ZLPhotoPickerGroupViewController.m */; settings = {ASSET_TAGS = (); }; };
		51D4DCD31C1814B8008F7FBA /* ZLPhotoPickerViewController.m in Sources */ = {isa = PBXBuildFile; fileRef = 51D4DCB11C1814B8008F7FBA /* ZLPhotoPickerViewController.m */; settings = {ASSET_TAGS = (); }; };
		51D4DCD41C1814B8008F7FBA /* ZLPhotoPickerCollectionView.m in Sources */ = {isa = PBXBuildFile; fileRef = 51D4DCB41C1814B8008F7FBA /* ZLPhotoPickerCollectionView.m */; settings = {ASSET_TAGS = (); }; };
		51D4DCD51C1814B8008F7FBA /* ZLPhotoPickerCollectionViewCell.m in Sources */ = {isa = PBXBuildFile; fileRef = 51D4DCB61C1814B8008F7FBA /* ZLPhotoPickerCollectionViewCell.m */; settings = {ASSET_TAGS = (); }; };
		51D4DCD61C1814B8008F7FBA /* ZLPhotoPickerFooterCollectionReusableView.m in Sources */ = {isa = PBXBuildFile; fileRef = 51D4DCB81C1814B8008F7FBA /* ZLPhotoPickerFooterCollectionReusableView.m */; settings = {ASSET_TAGS = (); }; };
		51D4DCD71C1814B8008F7FBA /* ZLPhotoPickerGroupTableViewCell.m in Sources */ = {isa = PBXBuildFile; fileRef = 51D4DCBA1C1814B8008F7FBA /* ZLPhotoPickerGroupTableViewCell.m */; settings = {ASSET_TAGS = (); }; };
		51D4DCD81C1814B8008F7FBA /* ZLPhotoPickerImageView.m in Sources */ = {isa = PBXBuildFile; fileRef = 51D4DCBC1C1814B8008F7FBA /* ZLPhotoPickerImageView.m */; settings = {ASSET_TAGS = (); }; };
		51D4DCD91C1814B8008F7FBA /* ZLPhotoLib.bundle in Resources */ = {isa = PBXBuildFile; fileRef = 51D4DCBE1C1814B8008F7FBA /* ZLPhotoLib.bundle */; settings = {ASSET_TAGS = (); }; };
		51D4DD101C1848B0008F7FBA /* PBCollectionCell.m in Sources */ = {isa = PBXBuildFile; fileRef = 51D4DD0F1C1848B0008F7FBA /* PBCollectionCell.m */; settings = {ASSET_TAGS = (); }; };
		51E03C581C1AB5E000B4B555 /* MySecondHandViewController.m in Sources */ = {isa = PBXBuildFile; fileRef = 51E03C571C1AB5E000B4B555 /* MySecondHandViewController.m */; settings = {ASSET_TAGS = (); }; };
		51E03C5B1C1AC0B400B4B555 /* MySecondHandCollectionViewCell.m in Sources */ = {isa = PBXBuildFile; fileRef = 51E03C5A1C1AC0B400B4B555 /* MySecondHandCollectionViewCell.m */; settings = {ASSET_TAGS = (); }; };
		51E03C5E1C1ACA4F00B4B555 /* MyEvaluateViewController.m in Sources */ = {isa = PBXBuildFile; fileRef = 51E03C5D1C1ACA4F00B4B555 /* MyEvaluateViewController.m */; settings = {ASSET_TAGS = (); }; };
		51E03C611C1AD04500B4B555 /* MyEvaluateTableViewCell.m in Sources */ = {isa = PBXBuildFile; fileRef = 51E03C601C1AD04500B4B555 /* MyEvaluateTableViewCell.m */; settings = {ASSET_TAGS = (); }; };
		51F1BE221BFD717F004B1681 /* PublishViewController.m in Sources */ = {isa = PBXBuildFile; fileRef = 51F1BE211BFD717F004B1681 /* PublishViewController.m */; settings = {ASSET_TAGS = (); }; };
		51F1BE251BFDCA8E004B1681 /* GoodDetailViewController.m in Sources */ = {isa = PBXBuildFile; fileRef = 51F1BE241BFDCA8E004B1681 /* GoodDetailViewController.m */; settings = {ASSET_TAGS = (); }; };
		51F2F0121C106182001C25AE /* huaTiJsonModel.m in Sources */ = {isa = PBXBuildFile; fileRef = 51F2F0111C106182001C25AE /* huaTiJsonModel.m */; settings = {ASSET_TAGS = (); }; };
		EE1D3444111C52F6CD82E534 /* libPods.a in Frameworks */ = {isa = PBXBuildFile; fileRef = AE31C8F1752611EAAB63AE27 /* libPods.a */; };
/* End PBXBuildFile section */

/* Begin PBXContainerItemProxy section */
		510AF3551BEDE55F009E3555 /* PBXContainerItemProxy */ = {
			isa = PBXContainerItemProxy;
			containerPortal = 510AF3331BEDE55E009E3555 /* Project object */;
			proxyType = 1;
			remoteGlobalIDString = 510AF33A1BEDE55E009E3555;
			remoteInfo = "Snail School";
		};
		510AF3601BEDE55F009E3555 /* PBXContainerItemProxy */ = {
			isa = PBXContainerItemProxy;
			containerPortal = 510AF3331BEDE55E009E3555 /* Project object */;
			proxyType = 1;
			remoteGlobalIDString = 510AF33A1BEDE55E009E3555;
			remoteInfo = "Snail School";
		};
/* End PBXContainerItemProxy section */

/* Begin PBXFileReference section */
		510AF33B1BEDE55E009E3555 /* Snail School.app */ = {isa = PBXFileReference; explicitFileType = wrapper.application; includeInIndex = 0; path = "Snail School.app"; sourceTree = BUILT_PRODUCTS_DIR; };
		510AF33F1BEDE55E009E3555 /* main.m */ = {isa = PBXFileReference; lastKnownFileType = sourcecode.c.objc; path = main.m; sourceTree = "<group>"; };
		510AF3481BEDE55F009E3555 /* Base */ = {isa = PBXFileReference; lastKnownFileType = file.storyboard; name = Base; path = Base.lproj/Main.storyboard; sourceTree = "<group>"; };
		510AF34A1BEDE55F009E3555 /* Assets.xcassets */ = {isa = PBXFileReference; lastKnownFileType = folder.assetcatalog; path = Assets.xcassets; sourceTree = "<group>"; };
		510AF34D1BEDE55F009E3555 /* Base */ = {isa = PBXFileReference; lastKnownFileType = file.storyboard; name = Base; path = Base.lproj/LaunchScreen.storyboard; sourceTree = "<group>"; };
		510AF34F1BEDE55F009E3555 /* Info.plist */ = {isa = PBXFileReference; lastKnownFileType = text.plist.xml; path = Info.plist; sourceTree = "<group>"; };
		510AF3541BEDE55F009E3555 /* Snail SchoolTests.xctest */ = {isa = PBXFileReference; explicitFileType = wrapper.cfbundle; includeInIndex = 0; path = "Snail SchoolTests.xctest"; sourceTree = BUILT_PRODUCTS_DIR; };
		510AF3581BEDE55F009E3555 /* Snail_SchoolTests.m */ = {isa = PBXFileReference; lastKnownFileType = sourcecode.c.objc; path = Snail_SchoolTests.m; sourceTree = "<group>"; };
		510AF35A1BEDE55F009E3555 /* Info.plist */ = {isa = PBXFileReference; lastKnownFileType = text.plist.xml; path = Info.plist; sourceTree = "<group>"; };
		510AF35F1BEDE55F009E3555 /* Snail SchoolUITests.xctest */ = {isa = PBXFileReference; explicitFileType = wrapper.cfbundle; includeInIndex = 0; path = "Snail SchoolUITests.xctest"; sourceTree = BUILT_PRODUCTS_DIR; };
		510AF3631BEDE55F009E3555 /* Snail_SchoolUITests.m */ = {isa = PBXFileReference; lastKnownFileType = sourcecode.c.objc; path = Snail_SchoolUITests.m; sourceTree = "<group>"; };
		510AF3651BEDE55F009E3555 /* Info.plist */ = {isa = PBXFileReference; lastKnownFileType = text.plist.xml; path = Info.plist; sourceTree = "<group>"; };
		510AF3851BEDE5B4009E3555 /* AppDelegate.h */ = {isa = PBXFileReference; fileEncoding = 4; lastKnownFileType = sourcecode.c.h; path = AppDelegate.h; sourceTree = "<group>"; };
		510AF3861BEDE5B4009E3555 /* AppDelegate.m */ = {isa = PBXFileReference; fileEncoding = 4; lastKnownFileType = sourcecode.c.objc; path = AppDelegate.m; sourceTree = "<group>"; };
		510AF3871BEDE5B4009E3555 /* ViewController.h */ = {isa = PBXFileReference; fileEncoding = 4; lastKnownFileType = sourcecode.c.h; path = ViewController.h; sourceTree = "<group>"; };
		510AF3881BEDE5B4009E3555 /* ViewController.m */ = {isa = PBXFileReference; fileEncoding = 4; lastKnownFileType = sourcecode.c.objc; path = ViewController.m; sourceTree = "<group>"; };
		510AF3901BEDED2D009E3555 /* HomeViewController.h */ = {isa = PBXFileReference; fileEncoding = 4; lastKnownFileType = sourcecode.c.h; path = HomeViewController.h; sourceTree = "<group>"; };
		510AF3911BEDED2D009E3555 /* HomeViewController.m */ = {isa = PBXFileReference; fileEncoding = 4; lastKnownFileType = sourcecode.c.objc; path = HomeViewController.m; sourceTree = "<group>"; };
		5113D4611C0E8554006D1E24 /* HomeAPI.h */ = {isa = PBXFileReference; fileEncoding = 4; lastKnownFileType = sourcecode.c.h; path = HomeAPI.h; sourceTree = "<group>"; };
		5113D4621C0E8554006D1E24 /* HomeAPI.m */ = {isa = PBXFileReference; fileEncoding = 4; lastKnownFileType = sourcecode.c.objc; path = HomeAPI.m; sourceTree = "<group>"; };
		5113D4641C0E91B4006D1E24 /* homeManager.h */ = {isa = PBXFileReference; fileEncoding = 4; lastKnownFileType = sourcecode.c.h; path = homeManager.h; sourceTree = "<group>"; };
		5113D4651C0E91B4006D1E24 /* homeManager.m */ = {isa = PBXFileReference; fileEncoding = 4; lastKnownFileType = sourcecode.c.objc; path = homeManager.m; sourceTree = "<group>"; };
		515320CC1C1A5FFF004AAAC0 /* HomeCollectionViewCell.h */ = {isa = PBXFileReference; fileEncoding = 4; lastKnownFileType = sourcecode.c.h; path = HomeCollectionViewCell.h; sourceTree = "<group>"; };
		515320CD1C1A5FFF004AAAC0 /* HomeCollectionViewCell.m */ = {isa = PBXFileReference; fileEncoding = 4; lastKnownFileType = sourcecode.c.objc; path = HomeCollectionViewCell.m; sourceTree = "<group>"; };
		515320D21C1AB494004AAAC0 /* MySecondHandCell.h */ = {isa = PBXFileReference; fileEncoding = 4; lastKnownFileType = sourcecode.c.h; path = MySecondHandCell.h; sourceTree = "<group>"; };
		515320D31C1AB494004AAAC0 /* MySecondHandCell.m */ = {isa = PBXFileReference; fileEncoding = 4; lastKnownFileType = sourcecode.c.objc; path = MySecondHandCell.m; sourceTree = "<group>"; };
		5154E75D1BF0928D0030E468 /* TriendViewController.h */ = {isa = PBXFileReference; fileEncoding = 4; lastKnownFileType = sourcecode.c.h; name = TriendViewController.h; path = TableViewAndCell/TriendViewController.h; sourceTree = "<group>"; };
		5154E75E1BF0928D0030E468 /* TriendViewController.m */ = {isa = PBXFileReference; fileEncoding = 4; lastKnownFileType = sourcecode.c.objc; name = TriendViewController.m; path = TableViewAndCell/TriendViewController.m; sourceTree = "<group>"; };
		51588D0C1C0BF1F700236C65 /* HomeModel.h */ = {isa = PBXFileReference; fileEncoding = 4; lastKnownFileType = sourcecode.c.h; path = HomeModel.h; sourceTree = "<group>"; };
		51588D0D1C0BF1F700236C65 /* HomeModel.m */ = {isa = PBXFileReference; fileEncoding = 4; lastKnownFileType = sourcecode.c.objc; path = HomeModel.m; sourceTree = "<group>"; };
		515EA5681C1553A30055C480 /* zh-Hans */ = {isa = PBXFileReference; lastKnownFileType = text.plist.strings; name = "zh-Hans"; path = "zh-Hans.lproj/Localizable.strings"; sourceTree = "<group>"; };
		515EA5691C1553A30055C480 /* en */ = {isa = PBXFileReference; lastKnownFileType = text.plist.strings; name = en; path = en.lproj/Localizable.strings; sourceTree = "<group>"; };
		515EA58E1C156DAA0055C480 /* CustomCell.h */ = {isa = PBXFileReference; fileEncoding = 4; lastKnownFileType = sourcecode.c.h; path = CustomCell.h; sourceTree = "<group>"; };
		515EA58F1C156DAA0055C480 /* CustomCell.m */ = {isa = PBXFileReference; fileEncoding = 4; lastKnownFileType = sourcecode.c.objc; path = CustomCell.m; sourceTree = "<group>"; };
		515EA5901C156DAA0055C480 /* InvitationViewControllerEx.h */ = {isa = PBXFileReference; fileEncoding = 4; lastKnownFileType = sourcecode.c.h; path = InvitationViewControllerEx.h; sourceTree = "<group>"; };
		515EA5911C156DAA0055C480 /* InvitationViewControllerEx.m */ = {isa = PBXFileReference; fileEncoding = 4; lastKnownFileType = sourcecode.c.objc; path = InvitationViewControllerEx.m; sourceTree = "<group>"; };
		515EA5931C156DAA0055C480 /* RegisterByVoiceCallViewController.h */ = {isa = PBXFileReference; fileEncoding = 4; lastKnownFileType = sourcecode.c.h; path = RegisterByVoiceCallViewController.h; sourceTree = "<group>"; };
		515EA5941C156DAA0055C480 /* RegisterByVoiceCallViewController.m */ = {isa = PBXFileReference; fileEncoding = 4; lastKnownFileType = sourcecode.c.objc; path = RegisterByVoiceCallViewController.m; sourceTree = "<group>"; };
		515EA5951C156DAA0055C480 /* SubmitViewController.h */ = {isa = PBXFileReference; fileEncoding = 4; lastKnownFileType = sourcecode.c.h; path = SubmitViewController.h; sourceTree = "<group>"; };
		515EA5961C156DAA0055C480 /* SubmitViewController.m */ = {isa = PBXFileReference; fileEncoding = 4; lastKnownFileType = sourcecode.c.objc; path = SubmitViewController.m; sourceTree = "<group>"; };
		515EA5971C156DAA0055C480 /* RegViewController.h */ = {isa = PBXFileReference; fileEncoding = 4; lastKnownFileType = sourcecode.c.h; path = RegViewController.h; sourceTree = "<group>"; };
		515EA5981C156DAA0055C480 /* RegViewController.m */ = {isa = PBXFileReference; fileEncoding = 4; lastKnownFileType = sourcecode.c.objc; path = RegViewController.m; sourceTree = "<group>"; };
		515EA5991C156DAA0055C480 /* SectionsViewController.h */ = {isa = PBXFileReference; fileEncoding = 4; lastKnownFileType = sourcecode.c.h; path = SectionsViewController.h; sourceTree = "<group>"; };
		515EA59A1C156DAA0055C480 /* SectionsViewController.m */ = {isa = PBXFileReference; fileEncoding = 4; lastKnownFileType = sourcecode.c.objc; path = SectionsViewController.m; sourceTree = "<group>"; };
		515EA59B1C156DAA0055C480 /* SectionsViewControllerFriends.h */ = {isa = PBXFileReference; fileEncoding = 4; lastKnownFileType = sourcecode.c.h; path = SectionsViewControllerFriends.h; sourceTree = "<group>"; };
		515EA59C1C156DAA0055C480 /* SectionsViewControllerFriends.m */ = {isa = PBXFileReference; fileEncoding = 4; lastKnownFileType = sourcecode.c.objc; path = SectionsViewControllerFriends.m; sourceTree = "<group>"; };
		515EA59D1C156DAA0055C480 /* VerifyViewController.h */ = {isa = PBXFileReference; fileEncoding = 4; lastKnownFileType = sourcecode.c.h; path = VerifyViewController.h; sourceTree = "<group>"; };
		515EA59E1C156DAA0055C480 /* VerifyViewController.m */ = {isa = PBXFileReference; fileEncoding = 4; lastKnownFileType = sourcecode.c.objc; path = VerifyViewController.m; sourceTree = "<group>"; };
		515EA5A71C1573B60055C480 /* button4.png */ = {isa = PBXFileReference; lastKnownFileType = image.png; path = button4.png; sourceTree = "<group>"; };
		515EA5A91C157A220055C480 /* SettingPassWordViewController.h */ = {isa = PBXFileReference; fileEncoding = 4; lastKnownFileType = sourcecode.c.h; path = SettingPassWordViewController.h; sourceTree = "<group>"; };
		515EA5AA1C157A220055C480 /* SettingPassWordViewController.m */ = {isa = PBXFileReference; fileEncoding = 4; lastKnownFileType = sourcecode.c.objc; path = SettingPassWordViewController.m; sourceTree = "<group>"; };
		515EA5AC1C157BBA0055C480 /* SettingPWTableViewCell.h */ = {isa = PBXFileReference; fileEncoding = 4; lastKnownFileType = sourcecode.c.h; path = SettingPWTableViewCell.h; sourceTree = "<group>"; };
		515EA5AD1C157BBA0055C480 /* SettingPWTableViewCell.m */ = {isa = PBXFileReference; fileEncoding = 4; lastKnownFileType = sourcecode.c.objc; path = SettingPWTableViewCell.m; sourceTree = "<group>"; };
		5163AB5C1BF1843E0040AFDC /* SSPrefixHeader.pch */ = {isa = PBXFileReference; lastKnownFileType = sourcecode.c.h; path = SSPrefixHeader.pch; sourceTree = "<group>"; };
		5163AB5D1BF18DC20040AFDC /* HSBViewController.h */ = {isa = PBXFileReference; fileEncoding = 4; lastKnownFileType = sourcecode.c.h; path = HSBViewController.h; sourceTree = "<group>"; };
		5163AB5E1BF18DC20040AFDC /* HSBViewController.m */ = {isa = PBXFileReference; fileEncoding = 4; lastKnownFileType = sourcecode.c.objc; path = HSBViewController.m; sourceTree = "<group>"; };
		517BC04C1BFAF3C900262C45 /* HomeTableViewCell.h */ = {isa = PBXFileReference; fileEncoding = 4; lastKnownFileType = sourcecode.c.h; path = HomeTableViewCell.h; sourceTree = "<group>"; };
		517BC04D1BFAF3C900262C45 /* HomeTableViewCell.m */ = {isa = PBXFileReference; fileEncoding = 4; lastKnownFileType = sourcecode.c.objc; path = HomeTableViewCell.m; sourceTree = "<group>"; };
		517BC0541BFAFE6200262C45 /* HTabelHDView.h */ = {isa = PBXFileReference; fileEncoding = 4; lastKnownFileType = sourcecode.c.h; path = HTabelHDView.h; sourceTree = "<group>"; };
		517BC0551BFAFE6200262C45 /* HTabelHDView.m */ = {isa = PBXFileReference; fileEncoding = 4; lastKnownFileType = sourcecode.c.objc; path = HTabelHDView.m; sourceTree = "<group>"; };
		5181E4EC1BF97DE900AEDEAD /* HuaTiTableViewCell.h */ = {isa = PBXFileReference; fileEncoding = 4; lastKnownFileType = sourcecode.c.h; path = HuaTiTableViewCell.h; sourceTree = "<group>"; };
		5181E4ED1BF97DE900AEDEAD /* HuaTiTableViewCell.m */ = {isa = PBXFileReference; fileEncoding = 4; lastKnownFileType = sourcecode.c.objc; path = HuaTiTableViewCell.m; sourceTree = "<group>"; };
		5181E4EF1BF9CF8B00AEDEAD /* MeViewController.h */ = {isa = PBXFileReference; fileEncoding = 4; lastKnownFileType = sourcecode.c.h; path = MeViewController.h; sourceTree = "<group>"; };
		5181E4F01BF9CF8B00AEDEAD /* MeViewController.m */ = {isa = PBXFileReference; fileEncoding = 4; lastKnownFileType = sourcecode.c.objc; path = MeViewController.m; sourceTree = "<group>"; };
		5181E4F21BF9D2C100AEDEAD /* MeTableViewCell.h */ = {isa = PBXFileReference; fileEncoding = 4; lastKnownFileType = sourcecode.c.h; path = MeTableViewCell.h; sourceTree = "<group>"; };
		5181E4F31BF9D2C100AEDEAD /* MeTableViewCell.m */ = {isa = PBXFileReference; fileEncoding = 4; lastKnownFileType = sourcecode.c.objc; path = MeTableViewCell.m; sourceTree = "<group>"; };
		51A0D76A1BF0438A0035269A /* HomeSearchViewController.h */ = {isa = PBXFileReference; fileEncoding = 4; lastKnownFileType = sourcecode.c.h; path = HomeSearchViewController.h; sourceTree = "<group>"; };
		51A0D76B1BF0438A0035269A /* HomeSearchViewController.m */ = {isa = PBXFileReference; fileEncoding = 4; lastKnownFileType = sourcecode.c.objc; path = HomeSearchViewController.m; sourceTree = "<group>"; };
		51A0D7701BF051830035269A /* HomeSearchTableViewCell.h */ = {isa = PBXFileReference; fileEncoding = 4; lastKnownFileType = sourcecode.c.h; name = HomeSearchTableViewCell.h; path = ../HomeSearchTableViewCell.h; sourceTree = "<group>"; };
		51A0D7711BF051830035269A /* HomeSearchTableViewCell.m */ = {isa = PBXFileReference; fileEncoding = 4; lastKnownFileType = sourcecode.c.objc; name = HomeSearchTableViewCell.m; path = ../HomeSearchTableViewCell.m; sourceTree = "<group>"; };
		51A0D7731BF087140035269A /* HomePreparationViewController.h */ = {isa = PBXFileReference; fileEncoding = 4; lastKnownFileType = sourcecode.c.h; path = HomePreparationViewController.h; sourceTree = "<group>"; };
		51A0D7741BF087140035269A /* HomePreparationViewController.m */ = {isa = PBXFileReference; fileEncoding = 4; lastKnownFileType = sourcecode.c.objc; path = HomePreparationViewController.m; sourceTree = "<group>"; };
		51B196761C169A2200E049E5 /* HuaiTiDetailTableViewCell.h */ = {isa = PBXFileReference; fileEncoding = 4; lastKnownFileType = sourcecode.c.h; path = HuaiTiDetailTableViewCell.h; sourceTree = "<group>"; };
		51B196771C169A2200E049E5 /* HuaiTiDetailTableViewCell.m */ = {isa = PBXFileReference; fileEncoding = 4; lastKnownFileType = sourcecode.c.objc; path = HuaiTiDetailTableViewCell.m; sourceTree = "<group>"; };
		51B196791C169D7F00E049E5 /* HuaTiDetialViewController.h */ = {isa = PBXFileReference; fileEncoding = 4; lastKnownFileType = sourcecode.c.h; path = HuaTiDetialViewController.h; sourceTree = "<group>"; };
		51B1967A1C169D7F00E049E5 /* HuaTiDetialViewController.m */ = {isa = PBXFileReference; fileEncoding = 4; lastKnownFileType = sourcecode.c.objc; path = HuaTiDetialViewController.m; sourceTree = "<group>"; };
		51B1967C1C1701F300E049E5 /* UIView+LQXkeyboard.h */ = {isa = PBXFileReference; fileEncoding = 4; lastKnownFileType = sourcecode.c.h; path = "UIView+LQXkeyboard.h"; sourceTree = "<group>"; };
		51B1967D1C1701F300E049E5 /* UIView+LQXkeyboard.m */ = {isa = PBXFileReference; fileEncoding = 4; lastKnownFileType = sourcecode.c.objc; path = "UIView+LQXkeyboard.m"; sourceTree = "<group>"; };
		51B50B431BFB269E0027BE2A /* TabBarController.h */ = {isa = PBXFileReference; fileEncoding = 4; lastKnownFileType = sourcecode.c.h; path = TabBarController.h; sourceTree = "<group>"; };
		51B50B441BFB269E0027BE2A /* TabBarController.m */ = {isa = PBXFileReference; fileEncoding = 4; lastKnownFileType = sourcecode.c.objc; path = TabBarController.m; sourceTree = "<group>"; };
		51B50B491BFC0D150027BE2A /* XQNewFeatureVC.h */ = {isa = PBXFileReference; fileEncoding = 4; lastKnownFileType = sourcecode.c.h; path = XQNewFeatureVC.h; sourceTree = "<group>"; };
		51B50B4A1BFC0D150027BE2A /* XQNewFeatureVC.m */ = {isa = PBXFileReference; fileEncoding = 4; lastKnownFileType = sourcecode.c.objc; path = XQNewFeatureVC.m; sourceTree = "<group>"; };
		51B50B4C1BFC0D300027BE2A /* 1.png */ = {isa = PBXFileReference; lastKnownFileType = image.png; path = 1.png; sourceTree = "<group>"; };
		51B50B4D1BFC0D300027BE2A /* 2.png */ = {isa = PBXFileReference; lastKnownFileType = image.png; path = 2.png; sourceTree = "<group>"; };
		51B50B4E1BFC0D300027BE2A /* 3.png */ = {isa = PBXFileReference; lastKnownFileType = image.png; path = 3.png; sourceTree = "<group>"; };
		51B50B4F1BFC0D300027BE2A /* 4.png */ = {isa = PBXFileReference; lastKnownFileType = image.png; path = 4.png; sourceTree = "<group>"; };
		51B50B541BFC0DD70027BE2A /* XQNewFeatureBaseVc.h */ = {isa = PBXFileReference; fileEncoding = 4; lastKnownFileType = sourcecode.c.h; path = XQNewFeatureBaseVc.h; sourceTree = "<group>"; };
		51B50B551BFC0DD70027BE2A /* XQNewFeatureBaseVc.m */ = {isa = PBXFileReference; fileEncoding = 4; lastKnownFileType = sourcecode.c.objc; path = XQNewFeatureBaseVc.m; sourceTree = "<group>"; };
		51BD2E061C154C79009C7E72 /* RegisterViewController.h */ = {isa = PBXFileReference; fileEncoding = 4; lastKnownFileType = sourcecode.c.h; path = RegisterViewController.h; sourceTree = "<group>"; };
		51BD2E071C154C79009C7E72 /* RegisterViewController.m */ = {isa = PBXFileReference; fileEncoding = 4; lastKnownFileType = sourcecode.c.objc; path = RegisterViewController.m; sourceTree = "<group>"; };
		51D2D9BD1BFEB8DD009A6478 /* TableViewController.h */ = {isa = PBXFileReference; fileEncoding = 4; lastKnownFileType = sourcecode.c.h; path = TableViewController.h; sourceTree = "<group>"; };
		51D2D9BE1BFEB8DD009A6478 /* TableViewController.m */ = {isa = PBXFileReference; fileEncoding = 4; lastKnownFileType = sourcecode.c.objc; path = TableViewController.m; sourceTree = "<group>"; };
		51D2D9C01BFEBD9A009A6478 /* GoodDetailTableViewCellB.h */ = {isa = PBXFileReference; fileEncoding = 4; lastKnownFileType = sourcecode.c.h; path = GoodDetailTableViewCellB.h; sourceTree = "<group>"; };
		51D2D9C11BFEBD9A009A6478 /* GoodDetailTableViewCellB.m */ = {isa = PBXFileReference; fileEncoding = 4; lastKnownFileType = sourcecode.c.objc; path = GoodDetailTableViewCellB.m; sourceTree = "<group>"; };
		51D2D9C31BFEC246009A6478 /* GoodDetailTableViewCellS.h */ = {isa = PBXFileReference; fileEncoding = 4; lastKnownFileType = sourcecode.c.h; path = GoodDetailTableViewCellS.h; sourceTree = "<group>"; };
		51D2D9C41BFEC246009A6478 /* GoodDetailTableViewCellS.m */ = {isa = PBXFileReference; fileEncoding = 4; lastKnownFileType = sourcecode.c.objc; path = GoodDetailTableViewCellS.m; sourceTree = "<group>"; };
		51D4DC7D1C1814B8008F7FBA /* UIImage+ZLPhotoLib.h */ = {isa = PBXFileReference; fileEncoding = 4; lastKnownFileType = sourcecode.c.h; path = "UIImage+ZLPhotoLib.h"; sourceTree = "<group>"; };
		51D4DC7E1C1814B8008F7FBA /* UIImage+ZLPhotoLib.m */ = {isa = PBXFileReference; fileEncoding = 4; lastKnownFileType = sourcecode.c.objc; path = "UIImage+ZLPhotoLib.m"; sourceTree = "<group>"; };
		51D4DC7F1C1814B8008F7FBA /* UIView+ZLExtension.h */ = {isa = PBXFileReference; fileEncoding = 4; lastKnownFileType = sourcecode.c.h; path = "UIView+ZLExtension.h"; sourceTree = "<group>"; };
		51D4DC801C1814B8008F7FBA /* UIView+ZLExtension.m */ = {isa = PBXFileReference; fileEncoding = 4; lastKnownFileType = sourcecode.c.objc; path = "UIView+ZLExtension.m"; sourceTree = "<group>"; };
		51D4DC841C1814B8008F7FBA /* ZLCamera.h */ = {isa = PBXFileReference; fileEncoding = 4; lastKnownFileType = sourcecode.c.h; path = ZLCamera.h; sourceTree = "<group>"; };
		51D4DC851C1814B8008F7FBA /* ZLCamera.m */ = {isa = PBXFileReference; fileEncoding = 4; lastKnownFileType = sourcecode.c.objc; path = ZLCamera.m; sourceTree = "<group>"; };
		51D4DC861C1814B8008F7FBA /* ZLCameraImageView.h */ = {isa = PBXFileReference; fileEncoding = 4; lastKnownFileType = sourcecode.c.h; path = ZLCameraImageView.h; sourceTree = "<group>"; };
		51D4DC871C1814B8008F7FBA /* ZLCameraImageView.m */ = {isa = PBXFileReference; fileEncoding = 4; lastKnownFileType = sourcecode.c.objc; path = ZLCameraImageView.m; sourceTree = "<group>"; };
		51D4DC881C1814B8008F7FBA /* ZLCameraView.h */ = {isa = PBXFileReference; fileEncoding = 4; lastKnownFileType = sourcecode.c.h; path = ZLCameraView.h; sourceTree = "<group>"; };
		51D4DC891C1814B8008F7FBA /* ZLCameraView.m */ = {isa = PBXFileReference; fileEncoding = 4; lastKnownFileType = sourcecode.c.objc; path = ZLCameraView.m; sourceTree = "<group>"; };
		51D4DC8A1C1814B8008F7FBA /* ZLCameraViewController.h */ = {isa = PBXFileReference; fileEncoding = 4; lastKnownFileType = sourcecode.c.h; path = ZLCameraViewController.h; sourceTree = "<group>"; };
		51D4DC8B1C1814B8008F7FBA /* ZLCameraViewController.m */ = {isa = PBXFileReference; fileEncoding = 4; lastKnownFileType = sourcecode.c.objc; path = ZLCameraViewController.m; sourceTree = "<group>"; };
		51D4DC8C1C1814B8008F7FBA /* ZLPhoto.h */ = {isa = PBXFileReference; fileEncoding = 4; lastKnownFileType = sourcecode.c.h; path = ZLPhoto.h; sourceTree = "<group>"; };
		51D4DC8F1C1814B8008F7FBA /* ZLPhotoPickerBrowserPhoto.h */ = {isa = PBXFileReference; fileEncoding = 4; lastKnownFileType = sourcecode.c.h; path = ZLPhotoPickerBrowserPhoto.h; sourceTree = "<group>"; };
		51D4DC901C1814B8008F7FBA /* ZLPhotoPickerBrowserPhoto.m */ = {isa = PBXFileReference; fileEncoding = 4; lastKnownFileType = sourcecode.c.objc; path = ZLPhotoPickerBrowserPhoto.m; sourceTree = "<group>"; };
		51D4DC911C1814B8008F7FBA /* ZLPhotoRect.h */ = {isa = PBXFileReference; fileEncoding = 4; lastKnownFileType = sourcecode.c.h; path = ZLPhotoRect.h; sourceTree = "<group>"; };
		51D4DC921C1814B8008F7FBA /* ZLPhotoRect.m */ = {isa = PBXFileReference; fileEncoding = 4; lastKnownFileType = sourcecode.c.objc; path = ZLPhotoRect.m; sourceTree = "<group>"; };
		51D4DC941C1814B8008F7FBA /* ZLPhotoPickerBrowserViewController+SignlePhotoBrowser.h */ = {isa = PBXFileReference; fileEncoding = 4; lastKnownFileType = sourcecode.c.h; path = "ZLPhotoPickerBrowserViewController+SignlePhotoBrowser.h"; sourceTree = "<group>"; };
		51D4DC951C1814B8008F7FBA /* ZLPhotoPickerBrowserViewController+SignlePhotoBrowser.m */ = {isa = PBXFileReference; fileEncoding = 4; lastKnownFileType = sourcecode.c.objc; path = "ZLPhotoPickerBrowserViewController+SignlePhotoBrowser.m"; sourceTree = "<group>"; };
		51D4DC961C1814B8008F7FBA /* ZLPhotoPickerBrowserViewController.h */ = {isa = PBXFileReference; fileEncoding = 4; lastKnownFileType = sourcecode.c.h; path = ZLPhotoPickerBrowserViewController.h; sourceTree = "<group>"; };
		51D4DC971C1814B8008F7FBA /* ZLPhotoPickerBrowserViewController.m */ = {isa = PBXFileReference; fileEncoding = 4; lastKnownFileType = sourcecode.c.objc; path = ZLPhotoPickerBrowserViewController.m; sourceTree = "<group>"; };
		51D4DC991C1814B8008F7FBA /* ZLPhotoPickerBrowserPhotoImageView.h */ = {isa = PBXFileReference; fileEncoding = 4; lastKnownFileType = sourcecode.c.h; path = ZLPhotoPickerBrowserPhotoImageView.h; sourceTree = "<group>"; };
		51D4DC9A1C1814B8008F7FBA /* ZLPhotoPickerBrowserPhotoImageView.m */ = {isa = PBXFileReference; fileEncoding = 4; lastKnownFileType = sourcecode.c.objc; path = ZLPhotoPickerBrowserPhotoImageView.m; sourceTree = "<group>"; };
		51D4DC9B1C1814B8008F7FBA /* ZLPhotoPickerBrowserPhotoScrollView.h */ = {isa = PBXFileReference; fileEncoding = 4; lastKnownFileType = sourcecode.c.h; path = ZLPhotoPickerBrowserPhotoScrollView.h; sourceTree = "<group>"; };
		51D4DC9C1C1814B8008F7FBA /* ZLPhotoPickerBrowserPhotoScrollView.m */ = {isa = PBXFileReference; fileEncoding = 4; lastKnownFileType = sourcecode.c.objc; path = ZLPhotoPickerBrowserPhotoScrollView.m; sourceTree = "<group>"; };
		51D4DC9D1C1814B8008F7FBA /* ZLPhotoPickerBrowserPhotoView.h */ = {isa = PBXFileReference; fileEncoding = 4; lastKnownFileType = sourcecode.c.h; path = ZLPhotoPickerBrowserPhotoView.h; sourceTree = "<group>"; };
		51D4DC9E1C1814B8008F7FBA /* ZLPhotoPickerBrowserPhotoView.m */ = {isa = PBXFileReference; fileEncoding = 4; lastKnownFileType = sourcecode.c.objc; path = ZLPhotoPickerBrowserPhotoView.m; sourceTree = "<group>"; };
		51D4DC9F1C1814B8008F7FBA /* ZLPhotoPickerCustomToolBarView.h */ = {isa = PBXFileReference; fileEncoding = 4; lastKnownFileType = sourcecode.c.h; path = ZLPhotoPickerCustomToolBarView.h; sourceTree = "<group>"; };
		51D4DCA01C1814B8008F7FBA /* ZLPhotoPickerCustomToolBarView.m */ = {isa = PBXFileReference; fileEncoding = 4; lastKnownFileType = sourcecode.c.objc; path = ZLPhotoPickerCustomToolBarView.m; sourceTree = "<group>"; };
		51D4DCA31C1814B8008F7FBA /* ZLPhotoAssets.h */ = {isa = PBXFileReference; fileEncoding = 4; lastKnownFileType = sourcecode.c.h; path = ZLPhotoAssets.h; sourceTree = "<group>"; };
		51D4DCA41C1814B8008F7FBA /* ZLPhotoAssets.m */ = {isa = PBXFileReference; fileEncoding = 4; lastKnownFileType = sourcecode.c.objc; path = ZLPhotoAssets.m; sourceTree = "<group>"; };
		51D4DCA51C1814B8008F7FBA /* ZLPhotoPickerDatas.h */ = {isa = PBXFileReference; fileEncoding = 4; lastKnownFileType = sourcecode.c.h; path = ZLPhotoPickerDatas.h; sourceTree = "<group>"; };
		51D4DCA61C1814B8008F7FBA /* ZLPhotoPickerDatas.m */ = {isa = PBXFileReference; fileEncoding = 4; lastKnownFileType = sourcecode.c.objc; path = ZLPhotoPickerDatas.m; sourceTree = "<group>"; };
		51D4DCA71C1814B8008F7FBA /* ZLPhotoPickerGroup.h */ = {isa = PBXFileReference; fileEncoding = 4; lastKnownFileType = sourcecode.c.h; path = ZLPhotoPickerGroup.h; sourceTree = "<group>"; };
		51D4DCA81C1814B8008F7FBA /* ZLPhotoPickerGroup.m */ = {isa = PBXFileReference; fileEncoding = 4; lastKnownFileType = sourcecode.c.objc; path = ZLPhotoPickerGroup.m; sourceTree = "<group>"; };
		51D4DCAA1C1814B8008F7FBA /* ZLNavigationController.h */ = {isa = PBXFileReference; fileEncoding = 4; lastKnownFileType = sourcecode.c.h; path = ZLNavigationController.h; sourceTree = "<group>"; };
		51D4DCAB1C1814B8008F7FBA /* ZLNavigationController.m */ = {isa = PBXFileReference; fileEncoding = 4; lastKnownFileType = sourcecode.c.objc; path = ZLNavigationController.m; sourceTree = "<group>"; };
		51D4DCAC1C1814B8008F7FBA /* ZLPhotoPickerAssetsViewController.h */ = {isa = PBXFileReference; fileEncoding = 4; lastKnownFileType = sourcecode.c.h; path = ZLPhotoPickerAssetsViewController.h; sourceTree = "<group>"; };
		51D4DCAD1C1814B8008F7FBA /* ZLPhotoPickerAssetsViewController.m */ = {isa = PBXFileReference; fileEncoding = 4; lastKnownFileType = sourcecode.c.objc; path = ZLPhotoPickerAssetsViewController.m; sourceTree = "<group>"; };
		51D4DCAE1C1814B8008F7FBA /* ZLPhotoPickerGroupViewController.h */ = {isa = PBXFileReference; fileEncoding = 4; lastKnownFileType = sourcecode.c.h; path = ZLPhotoPickerGroupViewController.h; sourceTree = "<group>"; };
		51D4DCAF1C1814B8008F7FBA /* ZLPhotoPickerGroupViewController.m */ = {isa = PBXFileReference; fileEncoding = 4; lastKnownFileType = sourcecode.c.objc; path = ZLPhotoPickerGroupViewController.m; sourceTree = "<group>"; };
		51D4DCB01C1814B8008F7FBA /* ZLPhotoPickerViewController.h */ = {isa = PBXFileReference; fileEncoding = 4; lastKnownFileType = sourcecode.c.h; path = ZLPhotoPickerViewController.h; sourceTree = "<group>"; };
		51D4DCB11C1814B8008F7FBA /* ZLPhotoPickerViewController.m */ = {isa = PBXFileReference; fileEncoding = 4; lastKnownFileType = sourcecode.c.objc; path = ZLPhotoPickerViewController.m; sourceTree = "<group>"; };
		51D4DCB31C1814B8008F7FBA /* ZLPhotoPickerCollectionView.h */ = {isa = PBXFileReference; fileEncoding = 4; lastKnownFileType = sourcecode.c.h; path = ZLPhotoPickerCollectionView.h; sourceTree = "<group>"; };
		51D4DCB41C1814B8008F7FBA /* ZLPhotoPickerCollectionView.m */ = {isa = PBXFileReference; fileEncoding = 4; lastKnownFileType = sourcecode.c.objc; path = ZLPhotoPickerCollectionView.m; sourceTree = "<group>"; };
		51D4DCB51C1814B8008F7FBA /* ZLPhotoPickerCollectionViewCell.h */ = {isa = PBXFileReference; fileEncoding = 4; lastKnownFileType = sourcecode.c.h; path = ZLPhotoPickerCollectionViewCell.h; sourceTree = "<group>"; };
		51D4DCB61C1814B8008F7FBA /* ZLPhotoPickerCollectionViewCell.m */ = {isa = PBXFileReference; fileEncoding = 4; lastKnownFileType = sourcecode.c.objc; path = ZLPhotoPickerCollectionViewCell.m; sourceTree = "<group>"; };
		51D4DCB71C1814B8008F7FBA /* ZLPhotoPickerFooterCollectionReusableView.h */ = {isa = PBXFileReference; fileEncoding = 4; lastKnownFileType = sourcecode.c.h; path = ZLPhotoPickerFooterCollectionReusableView.h; sourceTree = "<group>"; };
		51D4DCB81C1814B8008F7FBA /* ZLPhotoPickerFooterCollectionReusableView.m */ = {isa = PBXFileReference; fileEncoding = 4; lastKnownFileType = sourcecode.c.objc; path = ZLPhotoPickerFooterCollectionReusableView.m; sourceTree = "<group>"; };
		51D4DCB91C1814B8008F7FBA /* ZLPhotoPickerGroupTableViewCell.h */ = {isa = PBXFileReference; fileEncoding = 4; lastKnownFileType = sourcecode.c.h; path = ZLPhotoPickerGroupTableViewCell.h; sourceTree = "<group>"; };
		51D4DCBA1C1814B8008F7FBA /* ZLPhotoPickerGroupTableViewCell.m */ = {isa = PBXFileReference; fileEncoding = 4; lastKnownFileType = sourcecode.c.objc; path = ZLPhotoPickerGroupTableViewCell.m; sourceTree = "<group>"; };
		51D4DCBB1C1814B8008F7FBA /* ZLPhotoPickerImageView.h */ = {isa = PBXFileReference; fileEncoding = 4; lastKnownFileType = sourcecode.c.h; path = ZLPhotoPickerImageView.h; sourceTree = "<group>"; };
		51D4DCBC1C1814B8008F7FBA /* ZLPhotoPickerImageView.m */ = {isa = PBXFileReference; fileEncoding = 4; lastKnownFileType = sourcecode.c.objc; path = ZLPhotoPickerImageView.m; sourceTree = "<group>"; };
		51D4DCBD1C1814B8008F7FBA /* ZLPhotoPickerCommon.h */ = {isa = PBXFileReference; fileEncoding = 4; lastKnownFileType = sourcecode.c.h; path = ZLPhotoPickerCommon.h; sourceTree = "<group>"; };
		51D4DCBE1C1814B8008F7FBA /* ZLPhotoLib.bundle */ = {isa = PBXFileReference; lastKnownFileType = "wrapper.plug-in"; path = ZLPhotoLib.bundle; sourceTree = "<group>"; };
		51D4DD0E1C1848B0008F7FBA /* PBCollectionCell.h */ = {isa = PBXFileReference; fileEncoding = 4; lastKnownFileType = sourcecode.c.h; path = PBCollectionCell.h; sourceTree = "<group>"; };
		51D4DD0F1C1848B0008F7FBA /* PBCollectionCell.m */ = {isa = PBXFileReference; fileEncoding = 4; lastKnownFileType = sourcecode.c.objc; path = PBCollectionCell.m; sourceTree = "<group>"; };
		51E03C561C1AB5E000B4B555 /* MySecondHandViewController.h */ = {isa = PBXFileReference; fileEncoding = 4; lastKnownFileType = sourcecode.c.h; path = MySecondHandViewController.h; sourceTree = "<group>"; };
		51E03C571C1AB5E000B4B555 /* MySecondHandViewController.m */ = {isa = PBXFileReference; fileEncoding = 4; lastKnownFileType = sourcecode.c.objc; path = MySecondHandViewController.m; sourceTree = "<group>"; };
		51E03C591C1AC0B400B4B555 /* MySecondHandCollectionViewCell.h */ = {isa = PBXFileReference; fileEncoding = 4; lastKnownFileType = sourcecode.c.h; path = MySecondHandCollectionViewCell.h; sourceTree = "<group>"; };
		51E03C5A1C1AC0B400B4B555 /* MySecondHandCollectionViewCell.m */ = {isa = PBXFileReference; fileEncoding = 4; lastKnownFileType = sourcecode.c.objc; path = MySecondHandCollectionViewCell.m; sourceTree = "<group>"; };
		51E03C5C1C1ACA4F00B4B555 /* MyEvaluateViewController.h */ = {isa = PBXFileReference; fileEncoding = 4; lastKnownFileType = sourcecode.c.h; path = MyEvaluateViewController.h; sourceTree = "<group>"; };
		51E03C5D1C1ACA4F00B4B555 /* MyEvaluateViewController.m */ = {isa = PBXFileReference; fileEncoding = 4; lastKnownFileType = sourcecode.c.objc; path = MyEvaluateViewController.m; sourceTree = "<group>"; };
		51E03C5F1C1AD04500B4B555 /* MyEvaluateTableViewCell.h */ = {isa = PBXFileReference; fileEncoding = 4; lastKnownFileType = sourcecode.c.h; path = MyEvaluateTableViewCell.h; sourceTree = "<group>"; };
		51E03C601C1AD04500B4B555 /* MyEvaluateTableViewCell.m */ = {isa = PBXFileReference; fileEncoding = 4; lastKnownFileType = sourcecode.c.objc; path = MyEvaluateTableViewCell.m; sourceTree = "<group>"; };
		51F1BE201BFD717F004B1681 /* PublishViewController.h */ = {isa = PBXFileReference; fileEncoding = 4; lastKnownFileType = sourcecode.c.h; path = PublishViewController.h; sourceTree = "<group>"; };
		51F1BE211BFD717F004B1681 /* PublishViewController.m */ = {isa = PBXFileReference; fileEncoding = 4; lastKnownFileType = sourcecode.c.objc; path = PublishViewController.m; sourceTree = "<group>"; };
		51F1BE231BFDCA8E004B1681 /* GoodDetailViewController.h */ = {isa = PBXFileReference; fileEncoding = 4; lastKnownFileType = sourcecode.c.h; path = GoodDetailViewController.h; sourceTree = "<group>"; };
		51F1BE241BFDCA8E004B1681 /* GoodDetailViewController.m */ = {isa = PBXFileReference; fileEncoding = 4; lastKnownFileType = sourcecode.c.objc; path = GoodDetailViewController.m; sourceTree = "<group>"; };
		51F2F0101C106182001C25AE /* huaTiJsonModel.h */ = {isa = PBXFileReference; fileEncoding = 4; lastKnownFileType = sourcecode.c.h; path = huaTiJsonModel.h; sourceTree = "<group>"; };
		51F2F0111C106182001C25AE /* huaTiJsonModel.m */ = {isa = PBXFileReference; fileEncoding = 4; lastKnownFileType = sourcecode.c.objc; path = huaTiJsonModel.m; sourceTree = "<group>"; };
		80066864C1B75B82006ECD06 /* Pods.release.xcconfig */ = {isa = PBXFileReference; includeInIndex = 1; lastKnownFileType = text.xcconfig; name = Pods.release.xcconfig; path = "Pods/Target Support Files/Pods/Pods.release.xcconfig"; sourceTree = "<group>"; };
		AE31C8F1752611EAAB63AE27 /* libPods.a */ = {isa = PBXFileReference; explicitFileType = archive.ar; includeInIndex = 0; path = libPods.a; sourceTree = BUILT_PRODUCTS_DIR; };
		E8073B408D0B7FDE3D70C191 /* Pods.debug.xcconfig */ = {isa = PBXFileReference; includeInIndex = 1; lastKnownFileType = text.xcconfig; name = Pods.debug.xcconfig; path = "Pods/Target Support Files/Pods/Pods.debug.xcconfig"; sourceTree = "<group>"; };
/* End PBXFileReference section */

/* Begin PBXFrameworksBuildPhase section */
		510AF3381BEDE55E009E3555 /* Frameworks */ = {
			isa = PBXFrameworksBuildPhase;
			buildActionMask = 2147483647;
			files = (
				EE1D3444111C52F6CD82E534 /* libPods.a in Frameworks */,
			);
			runOnlyForDeploymentPostprocessing = 0;
		};
		510AF3511BEDE55F009E3555 /* Frameworks */ = {
			isa = PBXFrameworksBuildPhase;
			buildActionMask = 2147483647;
			files = (
			);
			runOnlyForDeploymentPostprocessing = 0;
		};
		510AF35C1BEDE55F009E3555 /* Frameworks */ = {
			isa = PBXFrameworksBuildPhase;
			buildActionMask = 2147483647;
			files = (
			);
			runOnlyForDeploymentPostprocessing = 0;
		};
/* End PBXFrameworksBuildPhase section */

/* Begin PBXGroup section */
		510AF3321BEDE55E009E3555 = {
			isa = PBXGroup;
			children = (
				510AF33D1BEDE55E009E3555 /* Snail School */,
				510AF3571BEDE55F009E3555 /* Snail SchoolTests */,
				510AF3621BEDE55F009E3555 /* Snail SchoolUITests */,
				510AF33C1BEDE55E009E3555 /* Products */,
				54BB8BA3F78B8D50D2DED5D0 /* Pods */,
				E2006106945DE6146CCAF025 /* Frameworks */,
			);
			sourceTree = "<group>";
		};
		510AF33C1BEDE55E009E3555 /* Products */ = {
			isa = PBXGroup;
			children = (
				510AF33B1BEDE55E009E3555 /* Snail School.app */,
				510AF3541BEDE55F009E3555 /* Snail SchoolTests.xctest */,
				510AF35F1BEDE55F009E3555 /* Snail SchoolUITests.xctest */,
			);
			name = Products;
			sourceTree = "<group>";
		};
		510AF33D1BEDE55E009E3555 /* Snail School */ = {
			isa = PBXGroup;
			children = (
				510AF3711BEDE5B4009E3555 /* Classes */,
				510AF33E1BEDE55E009E3555 /* Supporting Files */,
			);
			path = "Snail School";
			sourceTree = "<group>";
		};
		510AF33E1BEDE55E009E3555 /* Supporting Files */ = {
			isa = PBXGroup;
			children = (
				510AF3471BEDE55F009E3555 /* Main.storyboard */,
				515EA56A1C1553A30055C480 /* Localizable.strings */,
				510AF34A1BEDE55F009E3555 /* Assets.xcassets */,
				51B50B4C1BFC0D300027BE2A /* 1.png */,
				51B50B4D1BFC0D300027BE2A /* 2.png */,
				51B50B4E1BFC0D300027BE2A /* 3.png */,
				51B50B4F1BFC0D300027BE2A /* 4.png */,
				510AF34C1BEDE55F009E3555 /* LaunchScreen.storyboard */,
				510AF34F1BEDE55F009E3555 /* Info.plist */,
				5163AB5C1BF1843E0040AFDC /* SSPrefixHeader.pch */,
				510AF33F1BEDE55E009E3555 /* main.m */,
			);
			name = "Supporting Files";
			sourceTree = "<group>";
		};
		510AF3571BEDE55F009E3555 /* Snail SchoolTests */ = {
			isa = PBXGroup;
			children = (
				510AF3581BEDE55F009E3555 /* Snail_SchoolTests.m */,
				510AF35A1BEDE55F009E3555 /* Info.plist */,
			);
			path = "Snail SchoolTests";
			sourceTree = "<group>";
		};
		510AF3621BEDE55F009E3555 /* Snail SchoolUITests */ = {
			isa = PBXGroup;
			children = (
				510AF3631BEDE55F009E3555 /* Snail_SchoolUITests.m */,
				510AF3651BEDE55F009E3555 /* Info.plist */,
			);
			path = "Snail SchoolUITests";
			sourceTree = "<group>";
		};
		510AF3711BEDE5B4009E3555 /* Classes */ = {
			isa = PBXGroup;
			children = (
				510AF3721BEDE5B4009E3555 /* Home(首页) */,
				510AF3781BEDE5B4009E3555 /* Main(主要) */,
				510AF37A1BEDE5B4009E3555 /* Me(我的) */,
				510AF37F1BEDE5B4009E3555 /* Message(消息) */,
				510AF3841BEDE5B4009E3555 /* Other(其他) */,
				510AF3891BEDE5B4009E3555 /* Triend(部落) */,
			);
			path = Classes;
			sourceTree = "<group>";
		};
		510AF3721BEDE5B4009E3555 /* Home(首页) */ = {
			isa = PBXGroup;
			children = (
				510AF3731BEDE5B4009E3555 /* Model */,
				510AF3741BEDE5B4009E3555 /* View */,
				510AF3751BEDE5B4009E3555 /* ViewController */,
			);
			path = "Home(首页)";
			sourceTree = "<group>";
		};
		510AF3731BEDE5B4009E3555 /* Model */ = {
			isa = PBXGroup;
			children = (
				51588D0C1C0BF1F700236C65 /* HomeModel.h */,
				51588D0D1C0BF1F700236C65 /* HomeModel.m */,
				5113D4611C0E8554006D1E24 /* HomeAPI.h */,
				5113D4621C0E8554006D1E24 /* HomeAPI.m */,
				5113D4641C0E91B4006D1E24 /* homeManager.h */,
				5113D4651C0E91B4006D1E24 /* homeManager.m */,
			);
			path = Model;
			sourceTree = "<group>";
		};
		510AF3741BEDE5B4009E3555 /* View */ = {
			isa = PBXGroup;
			children = (
				517BC0541BFAFE6200262C45 /* HTabelHDView.h */,
				517BC0551BFAFE6200262C45 /* HTabelHDView.m */,
			);
			path = View;
			sourceTree = "<group>";
		};
		510AF3751BEDE5B4009E3555 /* ViewController */ = {
			isa = PBXGroup;
			children = (
				510AF3901BEDED2D009E3555 /* HomeViewController.h */,
				510AF3911BEDED2D009E3555 /* HomeViewController.m */,
				51A0D76A1BF0438A0035269A /* HomeSearchViewController.h */,
				51A0D76B1BF0438A0035269A /* HomeSearchViewController.m */,
				51A0D7731BF087140035269A /* HomePreparationViewController.h */,
				51A0D7741BF087140035269A /* HomePreparationViewController.m */,
				5163AB5D1BF18DC20040AFDC /* HSBViewController.h */,
				5163AB5E1BF18DC20040AFDC /* HSBViewController.m */,
				51F1BE231BFDCA8E004B1681 /* GoodDetailViewController.h */,
				51F1BE241BFDCA8E004B1681 /* GoodDetailViewController.m */,
				510AF3771BEDE5B4009E3555 /* TableViewAndCell */,
			);
			path = ViewController;
			sourceTree = "<group>";
		};
		510AF3771BEDE5B4009E3555 /* TableViewAndCell */ = {
			isa = PBXGroup;
			children = (
				515320CC1C1A5FFF004AAAC0 /* HomeCollectionViewCell.h */,
				515320CD1C1A5FFF004AAAC0 /* HomeCollectionViewCell.m */,
				51A0D7701BF051830035269A /* HomeSearchTableViewCell.h */,
				51A0D7711BF051830035269A /* HomeSearchTableViewCell.m */,
				517BC04C1BFAF3C900262C45 /* HomeTableViewCell.h */,
				517BC04D1BFAF3C900262C45 /* HomeTableViewCell.m */,
				51D2D9C01BFEBD9A009A6478 /* GoodDetailTableViewCellB.h */,
				51D2D9C11BFEBD9A009A6478 /* GoodDetailTableViewCellB.m */,
				51D2D9C31BFEC246009A6478 /* GoodDetailTableViewCellS.h */,
				51D2D9C41BFEC246009A6478 /* GoodDetailTableViewCellS.m */,
			);
			path = TableViewAndCell;
			sourceTree = "<group>";
		};
		510AF3781BEDE5B4009E3555 /* Main(主要) */ = {
			isa = PBXGroup;
			children = (
				51B50B541BFC0DD70027BE2A /* XQNewFeatureBaseVc.h */,
				51B50B551BFC0DD70027BE2A /* XQNewFeatureBaseVc.m */,
				51B50B491BFC0D150027BE2A /* XQNewFeatureVC.h */,
				51B50B4A1BFC0D150027BE2A /* XQNewFeatureVC.m */,
				51B50B431BFB269E0027BE2A /* TabBarController.h */,
				51B50B441BFB269E0027BE2A /* TabBarController.m */,
				51F1BE1F1BFD70FD004B1681 /* 发布viewController */,
			);
			path = "Main(主要)";
			sourceTree = "<group>";
		};
		510AF37A1BEDE5B4009E3555 /* Me(我的) */ = {
			isa = PBXGroup;
			children = (
				510AF37B1BEDE5B4009E3555 /* Model */,
				510AF37C1BEDE5B4009E3555 /* View */,
				510AF37D1BEDE5B4009E3555 /* ViewController */,
			);
			path = "Me(我的)";
			sourceTree = "<group>";
		};
		510AF37B1BEDE5B4009E3555 /* Model */ = {
			isa = PBXGroup;
			children = (
			);
			path = Model;
			sourceTree = "<group>";
		};
		510AF37C1BEDE5B4009E3555 /* View */ = {
			isa = PBXGroup;
			children = (
			);
			path = View;
			sourceTree = "<group>";
		};
		510AF37D1BEDE5B4009E3555 /* ViewController */ = {
			isa = PBXGroup;
			children = (
				515EA58D1C156DAA0055C480 /* Rigister By SMS */,
				5181E4EF1BF9CF8B00AEDEAD /* MeViewController.h */,
				5181E4F01BF9CF8B00AEDEAD /* MeViewController.m */,
				51BD2E061C154C79009C7E72 /* RegisterViewController.h */,
				51BD2E071C154C79009C7E72 /* RegisterViewController.m */,
				515EA5A91C157A220055C480 /* SettingPassWordViewController.h */,
				515EA5AA1C157A220055C480 /* SettingPassWordViewController.m */,
				51E03C561C1AB5E000B4B555 /* MySecondHandViewController.h */,
				51E03C571C1AB5E000B4B555 /* MySecondHandViewController.m */,
				51E03C5C1C1ACA4F00B4B555 /* MyEvaluateViewController.h */,
				51E03C5D1C1ACA4F00B4B555 /* MyEvaluateViewController.m */,
				510AF37E1BEDE5B4009E3555 /* TableViewAndCell */,
			);
			path = ViewController;
			sourceTree = "<group>";
		};
		510AF37E1BEDE5B4009E3555 /* TableViewAndCell */ = {
			isa = PBXGroup;
			children = (
				51E03C5F1C1AD04500B4B555 /* MyEvaluateTableViewCell.h */,
				51E03C601C1AD04500B4B555 /* MyEvaluateTableViewCell.m */,
				515320D21C1AB494004AAAC0 /* MySecondHandCell.h */,
				515320D31C1AB494004AAAC0 /* MySecondHandCell.m */,
				51E03C591C1AC0B400B4B555 /* MySecondHandCollectionViewCell.h */,
				51E03C5A1C1AC0B400B4B555 /* MySecondHandCollectionViewCell.m */,
				5181E4F21BF9D2C100AEDEAD /* MeTableViewCell.h */,
				5181E4F31BF9D2C100AEDEAD /* MeTableViewCell.m */,
				515EA5AC1C157BBA0055C480 /* SettingPWTableViewCell.h */,
				515EA5AD1C157BBA0055C480 /* SettingPWTableViewCell.m */,
			);
			path = TableViewAndCell;
			sourceTree = "<group>";
		};
		510AF37F1BEDE5B4009E3555 /* Message(消息) */ = {
			isa = PBXGroup;
			children = (
				510AF3801BEDE5B4009E3555 /* Model */,
				510AF3811BEDE5B4009E3555 /* View */,
				510AF3821BEDE5B4009E3555 /* ViewController */,
			);
			path = "Message(消息)";
			sourceTree = "<group>";
		};
		510AF3801BEDE5B4009E3555 /* Model */ = {
			isa = PBXGroup;
			children = (
			);
			path = Model;
			sourceTree = "<group>";
		};
		510AF3811BEDE5B4009E3555 /* View */ = {
			isa = PBXGroup;
			children = (
			);
			path = View;
			sourceTree = "<group>";
		};
		510AF3821BEDE5B4009E3555 /* ViewController */ = {
			isa = PBXGroup;
			children = (
				510AF3831BEDE5B4009E3555 /* TableViewAndCell */,
			);
			path = ViewController;
			sourceTree = "<group>";
		};
		510AF3831BEDE5B4009E3555 /* TableViewAndCell */ = {
			isa = PBXGroup;
			children = (
			);
			path = TableViewAndCell;
			sourceTree = "<group>";
		};
		510AF3841BEDE5B4009E3555 /* Other(其他) */ = {
			isa = PBXGroup;
			children = (
				51B1967C1C1701F300E049E5 /* UIView+LQXkeyboard.h */,
				51B1967D1C1701F300E049E5 /* UIView+LQXkeyboard.m */,
				510AF3851BEDE5B4009E3555 /* AppDelegate.h */,
				510AF3861BEDE5B4009E3555 /* AppDelegate.m */,
				510AF3871BEDE5B4009E3555 /* ViewController.h */,
				510AF3881BEDE5B4009E3555 /* ViewController.m */,
				51D2D9BD1BFEB8DD009A6478 /* TableViewController.h */,
				51D2D9BE1BFEB8DD009A6478 /* TableViewController.m */,
			);
			path = "Other(其他)";
			sourceTree = "<group>";
		};
		510AF3891BEDE5B4009E3555 /* Triend(部落) */ = {
			isa = PBXGroup;
			children = (
				510AF38A1BEDE5B4009E3555 /* Model */,
				510AF38B1BEDE5B4009E3555 /* View */,
				510AF38C1BEDE5B4009E3555 /* ViewController */,
			);
			path = "Triend(部落)";
			sourceTree = "<group>";
		};
		510AF38A1BEDE5B4009E3555 /* Model */ = {
			isa = PBXGroup;
			children = (
				51F2F0101C106182001C25AE /* huaTiJsonModel.h */,
				51F2F0111C106182001C25AE /* huaTiJsonModel.m */,
			);
			path = Model;
			sourceTree = "<group>";
		};
		510AF38B1BEDE5B4009E3555 /* View */ = {
			isa = PBXGroup;
			children = (
			);
			path = View;
			sourceTree = "<group>";
		};
		510AF38C1BEDE5B4009E3555 /* ViewController */ = {
			isa = PBXGroup;
			children = (
				5154E75D1BF0928D0030E468 /* TriendViewController.h */,
				5154E75E1BF0928D0030E468 /* TriendViewController.m */,
				51B196791C169D7F00E049E5 /* HuaTiDetialViewController.h */,
				51B1967A1C169D7F00E049E5 /* HuaTiDetialViewController.m */,
				510AF38D1BEDE5B4009E3555 /* TableViewAndCell */,
			);
			path = ViewController;
			sourceTree = "<group>";
		};
		510AF38D1BEDE5B4009E3555 /* TableViewAndCell */ = {
			isa = PBXGroup;
			children = (
				5181E4EC1BF97DE900AEDEAD /* HuaTiTableViewCell.h */,
				5181E4ED1BF97DE900AEDEAD /* HuaTiTableViewCell.m */,
				51B196761C169A2200E049E5 /* HuaiTiDetailTableViewCell.h */,
				51B196771C169A2200E049E5 /* HuaiTiDetailTableViewCell.m */,
			);
			path = TableViewAndCell;
			sourceTree = "<group>";
		};
		515EA58D1C156DAA0055C480 /* Rigister By SMS */ = {
			isa = PBXGroup;
			children = (
				515EA5A71C1573B60055C480 /* button4.png */,
				515EA58E1C156DAA0055C480 /* CustomCell.h */,
				515EA58F1C156DAA0055C480 /* CustomCell.m */,
				515EA5901C156DAA0055C480 /* InvitationViewControllerEx.h */,
				515EA5911C156DAA0055C480 /* InvitationViewControllerEx.m */,
				515EA5921C156DAA0055C480 /* Register By Voice Call */,
				515EA5971C156DAA0055C480 /* RegViewController.h */,
				515EA5981C156DAA0055C480 /* RegViewController.m */,
				515EA5991C156DAA0055C480 /* SectionsViewController.h */,
				515EA59A1C156DAA0055C480 /* SectionsViewController.m */,
				515EA59B1C156DAA0055C480 /* SectionsViewControllerFriends.h */,
				515EA59C1C156DAA0055C480 /* SectionsViewControllerFriends.m */,
				515EA59D1C156DAA0055C480 /* VerifyViewController.h */,
				515EA59E1C156DAA0055C480 /* VerifyViewController.m */,
			);
			path = "Rigister By SMS";
			sourceTree = "<group>";
		};
		515EA5921C156DAA0055C480 /* Register By Voice Call */ = {
			isa = PBXGroup;
			children = (
				515EA5931C156DAA0055C480 /* RegisterByVoiceCallViewController.h */,
				515EA5941C156DAA0055C480 /* RegisterByVoiceCallViewController.m */,
				515EA5951C156DAA0055C480 /* SubmitViewController.h */,
				515EA5961C156DAA0055C480 /* SubmitViewController.m */,
			);
			path = "Register By Voice Call";
			sourceTree = "<group>";
		};
		51D4DC791C1814B8008F7FBA /* ZLPhotoLib */ = {
			isa = PBXGroup;
			children = (
				51D4DC7A1C1814B8008F7FBA /* Classes */,
				51D4DCBE1C1814B8008F7FBA /* ZLPhotoLib.bundle */,
			);
			path = ZLPhotoLib;
			sourceTree = "<group>";
		};
		51D4DC7A1C1814B8008F7FBA /* Classes */ = {
			isa = PBXGroup;
			children = (
				51D4DC7B1C1814B8008F7FBA /* Utils */,
				51D4DC831C1814B8008F7FBA /* ZLCamera */,
				51D4DC8C1C1814B8008F7FBA /* ZLPhoto.h */,
				51D4DC8D1C1814B8008F7FBA /* ZLPhotoBrowser */,
				51D4DCA11C1814B8008F7FBA /* ZLPhotoPicker */,
				51D4DCBD1C1814B8008F7FBA /* ZLPhotoPickerCommon.h */,
			);
			path = Classes;
			sourceTree = "<group>";
		};
		51D4DC7B1C1814B8008F7FBA /* Utils */ = {
			isa = PBXGroup;
			children = (
				51D4DC7C1C1814B8008F7FBA /* Category */,
				51D4DC811C1814B8008F7FBA /* Resource */,
				51D4DC821C1814B8008F7FBA /* Views */,
			);
			path = Utils;
			sourceTree = "<group>";
		};
		51D4DC7C1C1814B8008F7FBA /* Category */ = {
			isa = PBXGroup;
			children = (
				51D4DC7D1C1814B8008F7FBA /* UIImage+ZLPhotoLib.h */,
				51D4DC7E1C1814B8008F7FBA /* UIImage+ZLPhotoLib.m */,
				51D4DC7F1C1814B8008F7FBA /* UIView+ZLExtension.h */,
				51D4DC801C1814B8008F7FBA /* UIView+ZLExtension.m */,
			);
			path = Category;
			sourceTree = "<group>";
		};
		51D4DC811C1814B8008F7FBA /* Resource */ = {
			isa = PBXGroup;
			children = (
			);
			path = Resource;
			sourceTree = "<group>";
		};
		51D4DC821C1814B8008F7FBA /* Views */ = {
			isa = PBXGroup;
			children = (
			);
			path = Views;
			sourceTree = "<group>";
		};
		51D4DC831C1814B8008F7FBA /* ZLCamera */ = {
			isa = PBXGroup;
			children = (
				51D4DC841C1814B8008F7FBA /* ZLCamera.h */,
				51D4DC851C1814B8008F7FBA /* ZLCamera.m */,
				51D4DC861C1814B8008F7FBA /* ZLCameraImageView.h */,
				51D4DC871C1814B8008F7FBA /* ZLCameraImageView.m */,
				51D4DC881C1814B8008F7FBA /* ZLCameraView.h */,
				51D4DC891C1814B8008F7FBA /* ZLCameraView.m */,
				51D4DC8A1C1814B8008F7FBA /* ZLCameraViewController.h */,
				51D4DC8B1C1814B8008F7FBA /* ZLCameraViewController.m */,
			);
			path = ZLCamera;
			sourceTree = "<group>";
		};
		51D4DC8D1C1814B8008F7FBA /* ZLPhotoBrowser */ = {
			isa = PBXGroup;
			children = (
				51D4DC8E1C1814B8008F7FBA /* Models */,
				51D4DC931C1814B8008F7FBA /* ViewControllers */,
				51D4DC981C1814B8008F7FBA /* Views */,
			);
			path = ZLPhotoBrowser;
			sourceTree = "<group>";
		};
		51D4DC8E1C1814B8008F7FBA /* Models */ = {
			isa = PBXGroup;
			children = (
				51D4DC8F1C1814B8008F7FBA /* ZLPhotoPickerBrowserPhoto.h */,
				51D4DC901C1814B8008F7FBA /* ZLPhotoPickerBrowserPhoto.m */,
				51D4DC911C1814B8008F7FBA /* ZLPhotoRect.h */,
				51D4DC921C1814B8008F7FBA /* ZLPhotoRect.m */,
			);
			path = Models;
			sourceTree = "<group>";
		};
		51D4DC931C1814B8008F7FBA /* ViewControllers */ = {
			isa = PBXGroup;
			children = (
				51D4DC941C1814B8008F7FBA /* ZLPhotoPickerBrowserViewController+SignlePhotoBrowser.h */,
				51D4DC951C1814B8008F7FBA /* ZLPhotoPickerBrowserViewController+SignlePhotoBrowser.m */,
				51D4DC961C1814B8008F7FBA /* ZLPhotoPickerBrowserViewController.h */,
				51D4DC971C1814B8008F7FBA /* ZLPhotoPickerBrowserViewController.m */,
			);
			path = ViewControllers;
			sourceTree = "<group>";
		};
		51D4DC981C1814B8008F7FBA /* Views */ = {
			isa = PBXGroup;
			children = (
				51D4DC991C1814B8008F7FBA /* ZLPhotoPickerBrowserPhotoImageView.h */,
				51D4DC9A1C1814B8008F7FBA /* ZLPhotoPickerBrowserPhotoImageView.m */,
				51D4DC9B1C1814B8008F7FBA /* ZLPhotoPickerBrowserPhotoScrollView.h */,
				51D4DC9C1C1814B8008F7FBA /* ZLPhotoPickerBrowserPhotoScrollView.m */,
				51D4DC9D1C1814B8008F7FBA /* ZLPhotoPickerBrowserPhotoView.h */,
				51D4DC9E1C1814B8008F7FBA /* ZLPhotoPickerBrowserPhotoView.m */,
				51D4DC9F1C1814B8008F7FBA /* ZLPhotoPickerCustomToolBarView.h */,
				51D4DCA01C1814B8008F7FBA /* ZLPhotoPickerCustomToolBarView.m */,
			);
			path = Views;
			sourceTree = "<group>";
		};
		51D4DCA11C1814B8008F7FBA /* ZLPhotoPicker */ = {
			isa = PBXGroup;
			children = (
				51D4DCA21C1814B8008F7FBA /* Models */,
				51D4DCA91C1814B8008F7FBA /* ViewControllers */,
				51D4DCB21C1814B8008F7FBA /* Views */,
			);
			path = ZLPhotoPicker;
			sourceTree = "<group>";
		};
		51D4DCA21C1814B8008F7FBA /* Models */ = {
			isa = PBXGroup;
			children = (
				51D4DCA31C1814B8008F7FBA /* ZLPhotoAssets.h */,
				51D4DCA41C1814B8008F7FBA /* ZLPhotoAssets.m */,
				51D4DCA51C1814B8008F7FBA /* ZLPhotoPickerDatas.h */,
				51D4DCA61C1814B8008F7FBA /* ZLPhotoPickerDatas.m */,
				51D4DCA71C1814B8008F7FBA /* ZLPhotoPickerGroup.h */,
				51D4DCA81C1814B8008F7FBA /* ZLPhotoPickerGroup.m */,
			);
			path = Models;
			sourceTree = "<group>";
		};
		51D4DCA91C1814B8008F7FBA /* ViewControllers */ = {
			isa = PBXGroup;
			children = (
				51D4DCAA1C1814B8008F7FBA /* ZLNavigationController.h */,
				51D4DCAB1C1814B8008F7FBA /* ZLNavigationController.m */,
				51D4DCAC1C1814B8008F7FBA /* ZLPhotoPickerAssetsViewController.h */,
				51D4DCAD1C1814B8008F7FBA /* ZLPhotoPickerAssetsViewController.m */,
				51D4DCAE1C1814B8008F7FBA /* ZLPhotoPickerGroupViewController.h */,
				51D4DCAF1C1814B8008F7FBA /* ZLPhotoPickerGroupViewController.m */,
				51D4DCB01C1814B8008F7FBA /* ZLPhotoPickerViewController.h */,
				51D4DCB11C1814B8008F7FBA /* ZLPhotoPickerViewController.m */,
			);
			path = ViewControllers;
			sourceTree = "<group>";
		};
		51D4DCB21C1814B8008F7FBA /* Views */ = {
			isa = PBXGroup;
			children = (
				51D4DCB31C1814B8008F7FBA /* ZLPhotoPickerCollectionView.h */,
				51D4DCB41C1814B8008F7FBA /* ZLPhotoPickerCollectionView.m */,
				51D4DCB51C1814B8008F7FBA /* ZLPhotoPickerCollectionViewCell.h */,
				51D4DCB61C1814B8008F7FBA /* ZLPhotoPickerCollectionViewCell.m */,
				51D4DCB71C1814B8008F7FBA /* ZLPhotoPickerFooterCollectionReusableView.h */,
				51D4DCB81C1814B8008F7FBA /* ZLPhotoPickerFooterCollectionReusableView.m */,
				51D4DCB91C1814B8008F7FBA /* ZLPhotoPickerGroupTableViewCell.h */,
				51D4DCBA1C1814B8008F7FBA /* ZLPhotoPickerGroupTableViewCell.m */,
				51D4DCBB1C1814B8008F7FBA /* ZLPhotoPickerImageView.h */,
				51D4DCBC1C1814B8008F7FBA /* ZLPhotoPickerImageView.m */,
			);
			path = Views;
			sourceTree = "<group>";
		};
		51F1BE1F1BFD70FD004B1681 /* 发布viewController */ = {
			isa = PBXGroup;
			children = (
				51D4DC791C1814B8008F7FBA /* ZLPhotoLib */,
				51F1BE201BFD717F004B1681 /* PublishViewController.h */,
				51F1BE211BFD717F004B1681 /* PublishViewController.m */,
				51D4DD0E1C1848B0008F7FBA /* PBCollectionCell.h */,
				51D4DD0F1C1848B0008F7FBA /* PBCollectionCell.m */,
			);
			name = "发布viewController";
			sourceTree = "<group>";
		};
		54BB8BA3F78B8D50D2DED5D0 /* Pods */ = {
			isa = PBXGroup;
			children = (
				E8073B408D0B7FDE3D70C191 /* Pods.debug.xcconfig */,
				80066864C1B75B82006ECD06 /* Pods.release.xcconfig */,
			);
			name = Pods;
			sourceTree = "<group>";
		};
		E2006106945DE6146CCAF025 /* Frameworks */ = {
			isa = PBXGroup;
			children = (
				AE31C8F1752611EAAB63AE27 /* libPods.a */,
			);
			name = Frameworks;
			sourceTree = "<group>";
		};
/* End PBXGroup section */

/* Begin PBXNativeTarget section */
		510AF33A1BEDE55E009E3555 /* Snail School */ = {
			isa = PBXNativeTarget;
			buildConfigurationList = 510AF3681BEDE55F009E3555 /* Build configuration list for PBXNativeTarget "Snail School" */;
			buildPhases = (
				6B65154B03AAFA958EB6A7E6 /* Check Pods Manifest.lock */,
				510AF3371BEDE55E009E3555 /* Sources */,
				510AF3381BEDE55E009E3555 /* Frameworks */,
				510AF3391BEDE55E009E3555 /* Resources */,
				88CD0CA1F3FE875E1781E0F2 /* Embed Pods Frameworks */,
				EE9C7CD08B71710306794F2C /* Copy Pods Resources */,
			);
			buildRules = (
			);
			dependencies = (
			);
			name = "Snail School";
			productName = "Snail School";
			productReference = 510AF33B1BEDE55E009E3555 /* Snail School.app */;
			productType = "com.apple.product-type.application";
		};
		510AF3531BEDE55F009E3555 /* Snail SchoolTests */ = {
			isa = PBXNativeTarget;
			buildConfigurationList = 510AF36B1BEDE55F009E3555 /* Build configuration list for PBXNativeTarget "Snail SchoolTests" */;
			buildPhases = (
				510AF3501BEDE55F009E3555 /* Sources */,
				510AF3511BEDE55F009E3555 /* Frameworks */,
				510AF3521BEDE55F009E3555 /* Resources */,
			);
			buildRules = (
			);
			dependencies = (
				510AF3561BEDE55F009E3555 /* PBXTargetDependency */,
			);
			name = "Snail SchoolTests";
			productName = "Snail SchoolTests";
			productReference = 510AF3541BEDE55F009E3555 /* Snail SchoolTests.xctest */;
			productType = "com.apple.product-type.bundle.unit-test";
		};
		510AF35E1BEDE55F009E3555 /* Snail SchoolUITests */ = {
			isa = PBXNativeTarget;
			buildConfigurationList = 510AF36E1BEDE55F009E3555 /* Build configuration list for PBXNativeTarget "Snail SchoolUITests" */;
			buildPhases = (
				510AF35B1BEDE55F009E3555 /* Sources */,
				510AF35C1BEDE55F009E3555 /* Frameworks */,
				510AF35D1BEDE55F009E3555 /* Resources */,
			);
			buildRules = (
			);
			dependencies = (
				510AF3611BEDE55F009E3555 /* PBXTargetDependency */,
			);
			name = "Snail SchoolUITests";
			productName = "Snail SchoolUITests";
			productReference = 510AF35F1BEDE55F009E3555 /* Snail SchoolUITests.xctest */;
			productType = "com.apple.product-type.bundle.ui-testing";
		};
/* End PBXNativeTarget section */

/* Begin PBXProject section */
		510AF3331BEDE55E009E3555 /* Project object */ = {
			isa = PBXProject;
			attributes = {
				LastUpgradeCheck = 0700;
				ORGANIZATIONNAME = himooo;
				TargetAttributes = {
					510AF33A1BEDE55E009E3555 = {
						CreatedOnToolsVersion = 7.0.1;
						DevelopmentTeam = SA22UC7R9N;
					};
					510AF3531BEDE55F009E3555 = {
						CreatedOnToolsVersion = 7.0.1;
						TestTargetID = 510AF33A1BEDE55E009E3555;
					};
					510AF35E1BEDE55F009E3555 = {
						CreatedOnToolsVersion = 7.0.1;
						TestTargetID = 510AF33A1BEDE55E009E3555;
					};
				};
			};
			buildConfigurationList = 510AF3361BEDE55E009E3555 /* Build configuration list for PBXProject "Snail School" */;
			compatibilityVersion = "Xcode 3.2";
			developmentRegion = English;
			hasScannedForEncodings = 0;
			knownRegions = (
				en,
				Base,
			);
			mainGroup = 510AF3321BEDE55E009E3555;
			productRefGroup = 510AF33C1BEDE55E009E3555 /* Products */;
			projectDirPath = "";
			projectRoot = "";
			targets = (
				510AF33A1BEDE55E009E3555 /* Snail School */,
				510AF3531BEDE55F009E3555 /* Snail SchoolTests */,
				510AF35E1BEDE55F009E3555 /* Snail SchoolUITests */,
			);
		};
/* End PBXProject section */

/* Begin PBXResourcesBuildPhase section */
		510AF3391BEDE55E009E3555 /* Resources */ = {
			isa = PBXResourcesBuildPhase;
			buildActionMask = 2147483647;
			files = (
				510AF34E1BEDE55F009E3555 /* LaunchScreen.storyboard in Resources */,
				51B50B531BFC0D300027BE2A /* 4.png in Resources */,
				51D4DCD91C1814B8008F7FBA /* ZLPhotoLib.bundle in Resources */,
				51B50B501BFC0D300027BE2A /* 1.png in Resources */,
				51B50B511BFC0D300027BE2A /* 2.png in Resources */,
				51B50B521BFC0D300027BE2A /* 3.png in Resources */,
				515EA5A81C1573B60055C480 /* button4.png in Resources */,
				515EA56B1C1553A30055C480 /* Localizable.strings in Resources */,
				510AF34B1BEDE55F009E3555 /* Assets.xcassets in Resources */,
				510AF3491BEDE55F009E3555 /* Main.storyboard in Resources */,
			);
			runOnlyForDeploymentPostprocessing = 0;
		};
		510AF3521BEDE55F009E3555 /* Resources */ = {
			isa = PBXResourcesBuildPhase;
			buildActionMask = 2147483647;
			files = (
			);
			runOnlyForDeploymentPostprocessing = 0;
		};
		510AF35D1BEDE55F009E3555 /* Resources */ = {
			isa = PBXResourcesBuildPhase;
			buildActionMask = 2147483647;
			files = (
			);
			runOnlyForDeploymentPostprocessing = 0;
		};
/* End PBXResourcesBuildPhase section */

/* Begin PBXShellScriptBuildPhase section */
		6B65154B03AAFA958EB6A7E6 /* Check Pods Manifest.lock */ = {
			isa = PBXShellScriptBuildPhase;
			buildActionMask = 2147483647;
			files = (
			);
			inputPaths = (
			);
			name = "Check Pods Manifest.lock";
			outputPaths = (
			);
			runOnlyForDeploymentPostprocessing = 0;
			shellPath = /bin/sh;
			shellScript = "diff \"${PODS_ROOT}/../Podfile.lock\" \"${PODS_ROOT}/Manifest.lock\" > /dev/null\nif [[ $? != 0 ]] ; then\n    cat << EOM\nerror: The sandbox is not in sync with the Podfile.lock. Run 'pod install' or update your CocoaPods installation.\nEOM\n    exit 1\nfi\n";
			showEnvVarsInLog = 0;
		};
		88CD0CA1F3FE875E1781E0F2 /* Embed Pods Frameworks */ = {
			isa = PBXShellScriptBuildPhase;
			buildActionMask = 2147483647;
			files = (
			);
			inputPaths = (
			);
			name = "Embed Pods Frameworks";
			outputPaths = (
			);
			runOnlyForDeploymentPostprocessing = 0;
			shellPath = /bin/sh;
			shellScript = "\"${SRCROOT}/Pods/Target Support Files/Pods/Pods-frameworks.sh\"\n";
			showEnvVarsInLog = 0;
		};
		EE9C7CD08B71710306794F2C /* Copy Pods Resources */ = {
			isa = PBXShellScriptBuildPhase;
			buildActionMask = 2147483647;
			files = (
			);
			inputPaths = (
			);
			name = "Copy Pods Resources";
			outputPaths = (
			);
			runOnlyForDeploymentPostprocessing = 0;
			shellPath = /bin/sh;
			shellScript = "\"${SRCROOT}/Pods/Target Support Files/Pods/Pods-resources.sh\"\n";
			showEnvVarsInLog = 0;
		};
/* End PBXShellScriptBuildPhase section */

/* Begin PBXSourcesBuildPhase section */
		510AF3371BEDE55E009E3555 /* Sources */ = {
			isa = PBXSourcesBuildPhase;
			buildActionMask = 2147483647;
			files = (
				5163AB5F1BF18DC20040AFDC /* HSBViewController.m in Sources */,
				51E03C5E1C1ACA4F00B4B555 /* MyEvaluateViewController.m in Sources */,
				510AF38F1BEDE5B4009E3555 /* ViewController.m in Sources */,
				51D4DCCA1C1814B8008F7FBA /* ZLPhotoPickerBrowserPhotoScrollView.m in Sources */,
				515320CE1C1A5FFF004AAAC0 /* HomeCollectionViewCell.m in Sources */,
				510AF38E1BEDE5B4009E3555 /* AppDelegate.m in Sources */,
				51D4DCC91C1814B8008F7FBA /* ZLPhotoPickerBrowserPhotoImageView.m in Sources */,
				51D2D9BF1BFEB8DD009A6478 /* TableViewController.m in Sources */,
				51D4DCC01C1814B8008F7FBA /* UIView+ZLExtension.m in Sources */,
				51D4DCD31C1814B8008F7FBA /* ZLPhotoPickerViewController.m in Sources */,
				51BD2E081C154C79009C7E72 /* RegisterViewController.m in Sources */,
				51B50B4B1BFC0D150027BE2A /* XQNewFeatureVC.m in Sources */,
				51D4DCCB1C1814B8008F7FBA /* ZLPhotoPickerBrowserPhotoView.m in Sources */,
				515EA5AB1C157A220055C480 /* SettingPassWordViewController.m in Sources */,
				51B50B561BFC0DD70027BE2A /* XQNewFeatureBaseVc.m in Sources */,
				51A0D7751BF087140035269A /* HomePreparationViewController.m in Sources */,
				517BC0561BFAFE6200262C45 /* HTabelHDView.m in Sources */,
				515EA5A11C156DAA0055C480 /* RegisterByVoiceCallViewController.m in Sources */,
				51E03C611C1AD04500B4B555 /* MyEvaluateTableViewCell.m in Sources */,
				51D4DCD21C1814B8008F7FBA /* ZLPhotoPickerGroupViewController.m in Sources */,
				51D4DCD01C1814B8008F7FBA /* ZLNavigationController.m in Sources */,
				51E03C581C1AB5E000B4B555 /* MySecondHandViewController.m in Sources */,
				51D4DCC11C1814B8008F7FBA /* ZLCamera.m in Sources */,
				51B1967B1C169D7F00E049E5 /* HuaTiDetialViewController.m in Sources */,
				510AF3401BEDE55E009E3555 /* main.m in Sources */,
				515EA5A31C156DAA0055C480 /* RegViewController.m in Sources */,
				51D4DCC51C1814B8008F7FBA /* ZLPhotoPickerBrowserPhoto.m in Sources */,
				51D4DCD71C1814B8008F7FBA /* ZLPhotoPickerGroupTableViewCell.m in Sources */,
				51D4DCD41C1814B8008F7FBA /* ZLPhotoPickerCollectionView.m in Sources */,
				51F2F0121C106182001C25AE /* huaTiJsonModel.m in Sources */,
				51F1BE221BFD717F004B1681 /* PublishViewController.m in Sources */,
				5181E4F41BF9D2C100AEDEAD /* MeTableViewCell.m in Sources */,
				51B1967E1C1701F300E049E5 /* UIView+LQXkeyboard.m in Sources */,
				51D4DCCC1C1814B8008F7FBA /* ZLPhotoPickerCustomToolBarView.m in Sources */,
				51D4DCD61C1814B8008F7FBA /* ZLPhotoPickerFooterCollectionReusableView.m in Sources */,
				51D2D9C51BFEC246009A6478 /* GoodDetailTableViewCellS.m in Sources */,
				51D4DCC81C1814B8008F7FBA /* ZLPhotoPickerBrowserViewController.m in Sources */,
				51D4DCC61C1814B8008F7FBA /* ZLPhotoRect.m in Sources */,
				510AF3921BEDED2D009E3555 /* HomeViewController.m in Sources */,
				51D4DCD11C1814B8008F7FBA /* ZLPhotoPickerAssetsViewController.m in Sources */,
				515EA5A61C156DAA0055C480 /* VerifyViewController.m in Sources */,
				5113D4661C0E91B4006D1E24 /* homeManager.m in Sources */,
				51A0D7721BF051830035269A /* HomeSearchTableViewCell.m in Sources */,
				5154E75F1BF0928D0030E468 /* TriendViewController.m in Sources */,
				515EA5A01C156DAA0055C480 /* InvitationViewControllerEx.m in Sources */,
				51D4DCBF1C1814B8008F7FBA /* UIImage+ZLPhotoLib.m in Sources */,
				515EA5AE1C157BBA0055C480 /* SettingPWTableViewCell.m in Sources */,
				51B196781C169A2200E049E5 /* HuaiTiDetailTableViewCell.m in Sources */,
				515EA59F1C156DAA0055C480 /* CustomCell.m in Sources */,
				517BC04E1BFAF3C900262C45 /* HomeTableViewCell.m in Sources */,
				51A0D76C1BF0438A0035269A /* HomeSearchViewController.m in Sources */,
				515EA5A21C156DAA0055C480 /* SubmitViewController.m in Sources */,
				51D4DD101C1848B0008F7FBA /* PBCollectionCell.m in Sources */,
				51B50B451BFB269E0027BE2A /* TabBarController.m in Sources */,
				51D4DCCE1C1814B8008F7FBA /* ZLPhotoPickerDatas.m in Sources */,
				51D4DCCF1C1814B8008F7FBA /* ZLPhotoPickerGroup.m in Sources */,
				51D4DCCD1C1814B8008F7FBA /* ZLPhotoAssets.m in Sources */,
				51F1BE251BFDCA8E004B1681 /* GoodDetailViewController.m in Sources */,
				51D2D9C21BFEBD9A009A6478 /* GoodDetailTableViewCellB.m in Sources */,
				5181E4F11BF9CF8B00AEDEAD /* MeViewController.m in Sources */,
				515EA5A41C156DAA0055C480 /* SectionsViewController.m in Sources */,
				5181E4EE1BF97DE900AEDEAD /* HuaTiTableViewCell.m in Sources */,
				515320D41C1AB494004AAAC0 /* MySecondHandCell.m in Sources */,
				51D4DCD81C1814B8008F7FBA /* ZLPhotoPickerImageView.m in Sources */,
				51588D0E1C0BF1F700236C65 /* HomeModel.m in Sources */,
				51D4DCC31C1814B8008F7FBA /* ZLCameraView.m in Sources */,
				515EA5A51C156DAA0055C480 /* SectionsViewControllerFriends.m in Sources */,
				5113D4631C0E8554006D1E24 /* HomeAPI.m in Sources */,
				51D4DCC21C1814B8008F7FBA /* ZLCameraImageView.m in Sources */,
				51E03C5B1C1AC0B400B4B555 /* MySecondHandCollectionViewCell.m in Sources */,
				51D4DCC41C1814B8008F7FBA /* ZLCameraViewController.m in Sources */,
				51D4DCD51C1814B8008F7FBA /* ZLPhotoPickerCollectionViewCell.m in Sources */,
				51D4DCC71C1814B8008F7FBA /* ZLPhotoPickerBrowserViewController+SignlePhotoBrowser.m in Sources */,
			);
			runOnlyForDeploymentPostprocessing = 0;
		};
		510AF3501BEDE55F009E3555 /* Sources */ = {
			isa = PBXSourcesBuildPhase;
			buildActionMask = 2147483647;
			files = (
				510AF3591BEDE55F009E3555 /* Snail_SchoolTests.m in Sources */,
			);
			runOnlyForDeploymentPostprocessing = 0;
		};
		510AF35B1BEDE55F009E3555 /* Sources */ = {
			isa = PBXSourcesBuildPhase;
			buildActionMask = 2147483647;
			files = (
				510AF3641BEDE55F009E3555 /* Snail_SchoolUITests.m in Sources */,
			);
			runOnlyForDeploymentPostprocessing = 0;
		};
/* End PBXSourcesBuildPhase section */

/* Begin PBXTargetDependency section */
		510AF3561BEDE55F009E3555 /* PBXTargetDependency */ = {
			isa = PBXTargetDependency;
			target = 510AF33A1BEDE55E009E3555 /* Snail School */;
			targetProxy = 510AF3551BEDE55F009E3555 /* PBXContainerItemProxy */;
		};
		510AF3611BEDE55F009E3555 /* PBXTargetDependency */ = {
			isa = PBXTargetDependency;
			target = 510AF33A1BEDE55E009E3555 /* Snail School */;
			targetProxy = 510AF3601BEDE55F009E3555 /* PBXContainerItemProxy */;
		};
/* End PBXTargetDependency section */

/* Begin PBXVariantGroup section */
		510AF3471BEDE55F009E3555 /* Main.storyboard */ = {
			isa = PBXVariantGroup;
			children = (
				510AF3481BEDE55F009E3555 /* Base */,
			);
			name = Main.storyboard;
			sourceTree = "<group>";
		};
		510AF34C1BEDE55F009E3555 /* LaunchScreen.storyboard */ = {
			isa = PBXVariantGroup;
			children = (
				510AF34D1BEDE55F009E3555 /* Base */,
			);
			name = LaunchScreen.storyboard;
			sourceTree = "<group>";
		};
		515EA56A1C1553A30055C480 /* Localizable.strings */ = {
			isa = PBXVariantGroup;
			children = (
				515EA5681C1553A30055C480 /* zh-Hans */,
				515EA5691C1553A30055C480 /* en */,
			);
			name = Localizable.strings;
			path = ../../../Downloads/SMSSDK1.2.0/SMS_SDKDemo;
			sourceTree = "<group>";
		};
/* End PBXVariantGroup section */

/* Begin XCBuildConfiguration section */
		510AF3661BEDE55F009E3555 /* Debug */ = {
			isa = XCBuildConfiguration;
			buildSettings = {
				ALWAYS_SEARCH_USER_PATHS = NO;
				CLANG_CXX_LANGUAGE_STANDARD = "gnu++0x";
				CLANG_CXX_LIBRARY = "libc++";
				CLANG_ENABLE_MODULES = YES;
				CLANG_ENABLE_OBJC_ARC = YES;
				CLANG_WARN_BOOL_CONVERSION = YES;
				CLANG_WARN_CONSTANT_CONVERSION = YES;
				CLANG_WARN_DIRECT_OBJC_ISA_USAGE = YES_ERROR;
				CLANG_WARN_EMPTY_BODY = YES;
				CLANG_WARN_ENUM_CONVERSION = YES;
				CLANG_WARN_INT_CONVERSION = YES;
				CLANG_WARN_OBJC_ROOT_CLASS = YES_ERROR;
				CLANG_WARN_UNREACHABLE_CODE = YES;
				CLANG_WARN__DUPLICATE_METHOD_MATCH = YES;
				"CODE_SIGN_IDENTITY[sdk=iphoneos*]" = "iPhone Developer";
				COPY_PHASE_STRIP = NO;
				DEBUG_INFORMATION_FORMAT = dwarf;
				ENABLE_STRICT_OBJC_MSGSEND = YES;
				ENABLE_TESTABILITY = YES;
				GCC_C_LANGUAGE_STANDARD = gnu99;
				GCC_DYNAMIC_NO_PIC = NO;
				GCC_NO_COMMON_BLOCKS = YES;
				GCC_OPTIMIZATION_LEVEL = 0;
				GCC_PREPROCESSOR_DEFINITIONS = (
					"DEBUG=1",
					"$(inherited)",
				);
				GCC_WARN_64_TO_32_BIT_CONVERSION = YES;
				GCC_WARN_ABOUT_RETURN_TYPE = YES_ERROR;
				GCC_WARN_UNDECLARED_SELECTOR = YES;
				GCC_WARN_UNINITIALIZED_AUTOS = YES_AGGRESSIVE;
				GCC_WARN_UNUSED_FUNCTION = YES;
				GCC_WARN_UNUSED_VARIABLE = YES;
				IPHONEOS_DEPLOYMENT_TARGET = 9.0;
				MTL_ENABLE_DEBUG_INFO = YES;
				ONLY_ACTIVE_ARCH = YES;
				SDKROOT = iphoneos;
			};
			name = Debug;
		};
		510AF3671BEDE55F009E3555 /* Release */ = {
			isa = XCBuildConfiguration;
			buildSettings = {
				ALWAYS_SEARCH_USER_PATHS = NO;
				CLANG_CXX_LANGUAGE_STANDARD = "gnu++0x";
				CLANG_CXX_LIBRARY = "libc++";
				CLANG_ENABLE_MODULES = YES;
				CLANG_ENABLE_OBJC_ARC = YES;
				CLANG_WARN_BOOL_CONVERSION = YES;
				CLANG_WARN_CONSTANT_CONVERSION = YES;
				CLANG_WARN_DIRECT_OBJC_ISA_USAGE = YES_ERROR;
				CLANG_WARN_EMPTY_BODY = YES;
				CLANG_WARN_ENUM_CONVERSION = YES;
				CLANG_WARN_INT_CONVERSION = YES;
				CLANG_WARN_OBJC_ROOT_CLASS = YES_ERROR;
				CLANG_WARN_UNREACHABLE_CODE = YES;
				CLANG_WARN__DUPLICATE_METHOD_MATCH = YES;
				"CODE_SIGN_IDENTITY[sdk=iphoneos*]" = "iPhone Developer";
				COPY_PHASE_STRIP = NO;
				DEBUG_INFORMATION_FORMAT = "dwarf-with-dsym";
				ENABLE_NS_ASSERTIONS = NO;
				ENABLE_STRICT_OBJC_MSGSEND = YES;
				GCC_C_LANGUAGE_STANDARD = gnu99;
				GCC_NO_COMMON_BLOCKS = YES;
				GCC_WARN_64_TO_32_BIT_CONVERSION = YES;
				GCC_WARN_ABOUT_RETURN_TYPE = YES_ERROR;
				GCC_WARN_UNDECLARED_SELECTOR = YES;
				GCC_WARN_UNINITIALIZED_AUTOS = YES_AGGRESSIVE;
				GCC_WARN_UNUSED_FUNCTION = YES;
				GCC_WARN_UNUSED_VARIABLE = YES;
				IPHONEOS_DEPLOYMENT_TARGET = 9.0;
				MTL_ENABLE_DEBUG_INFO = NO;
				SDKROOT = iphoneos;
				VALIDATE_PRODUCT = YES;
			};
			name = Release;
		};
		510AF3691BEDE55F009E3555 /* Debug */ = {
			isa = XCBuildConfiguration;
			baseConfigurationReference = E8073B408D0B7FDE3D70C191 /* Pods.debug.xcconfig */;
			buildSettings = {
				ASSETCATALOG_COMPILER_APPICON_NAME = AppIcon;
				CODE_SIGN_IDENTITY = "iPhone Developer";
				"CODE_SIGN_IDENTITY[sdk=iphoneos*]" = "iPhone Developer";
				GCC_INCREASE_PRECOMPILED_HEADER_SHARING = YES;
				GCC_PREFIX_HEADER = "/Users/baoxiansheng/Desktop/Snail School/Snail School/SSPrefixHeader.pch";
				HEADER_SEARCH_PATHS = (
					"$(inherited)",
					"\"${PODS_ROOT}/Headers/Public\"",
					"\"${PODS_ROOT}/Headers/Public/JTMaterialTransition\"",
					"\"${PODS_ROOT}/Headers/Public/MJPhotoBrowser\"",
					"\"${PODS_ROOT}/Headers/Public/SDWebImage\"",
					"\"${PODS_ROOT}/Headers/Public/SVProgressHUD\"",
					"\"${PODS_ROOT}/Headers/Public/YLGIFImage\"",
				);
				INFOPLIST_FILE = "Snail School/Info.plist";
				IPHONEOS_DEPLOYMENT_TARGET = 7.1;
				LD_RUNPATH_SEARCH_PATHS = "$(inherited) @executable_path/Frameworks";
				PRODUCT_BUNDLE_IDENTIFIER = "com.himooo.Snail-School.Snail-School";
				PRODUCT_NAME = "$(TARGET_NAME)";
				PROVISIONING_PROFILE = "";
				USER_HEADER_SEARCH_PATHS = "${SRCROOT}/**";
			};
			name = Debug;
		};
		510AF36A1BEDE55F009E3555 /* Release */ = {
			isa = XCBuildConfiguration;
			baseConfigurationReference = 80066864C1B75B82006ECD06 /* Pods.release.xcconfig */;
			buildSettings = {
				ASSETCATALOG_COMPILER_APPICON_NAME = AppIcon;
				CODE_SIGN_IDENTITY = "iPhone Developer";
				"CODE_SIGN_IDENTITY[sdk=iphoneos*]" = "iPhone Developer";
				GCC_INCREASE_PRECOMPILED_HEADER_SHARING = YES;
				GCC_PREFIX_HEADER = "/Users/baoxiansheng/Desktop/Snail School/Snail School/SSPrefixHeader.pch";
				HEADER_SEARCH_PATHS = (
					"$(inherited)",
					"\"${PODS_ROOT}/Headers/Public\"",
					"\"${PODS_ROOT}/Headers/Public/JTMaterialTransition\"",
					"\"${PODS_ROOT}/Headers/Public/MJPhotoBrowser\"",
					"\"${PODS_ROOT}/Headers/Public/SDWebImage\"",
					"\"${PODS_ROOT}/Headers/Public/SVProgressHUD\"",
					"\"${PODS_ROOT}/Headers/Public/YLGIFImage\"",
				);
				INFOPLIST_FILE = "Snail School/Info.plist";
				IPHONEOS_DEPLOYMENT_TARGET = 7.1;
				LD_RUNPATH_SEARCH_PATHS = "$(inherited) @executable_path/Frameworks";
				PRODUCT_BUNDLE_IDENTIFIER = "com.himooo.Snail-School.Snail-School";
				PRODUCT_NAME = "$(TARGET_NAME)";
				PROVISIONING_PROFILE = "";
				USER_HEADER_SEARCH_PATHS = "${SRCROOT}/**";
			};
			name = Release;
		};
		510AF36C1BEDE55F009E3555 /* Debug */ = {
			isa = XCBuildConfiguration;
			buildSettings = {
				BUNDLE_LOADER = "$(TEST_HOST)";
				INFOPLIST_FILE = "Snail SchoolTests/Info.plist";
				LD_RUNPATH_SEARCH_PATHS = "$(inherited) @executable_path/Frameworks @loader_path/Frameworks";
				PRODUCT_BUNDLE_IDENTIFIER = "com.himooo.Snail-School.Snail-SchoolTests";
				PRODUCT_NAME = "$(TARGET_NAME)";
				TEST_HOST = "$(BUILT_PRODUCTS_DIR)/Snail School.app/Snail School";
			};
			name = Debug;
		};
		510AF36D1BEDE55F009E3555 /* Release */ = {
			isa = XCBuildConfiguration;
			buildSettings = {
				BUNDLE_LOADER = "$(TEST_HOST)";
				INFOPLIST_FILE = "Snail SchoolTests/Info.plist";
				LD_RUNPATH_SEARCH_PATHS = "$(inherited) @executable_path/Frameworks @loader_path/Frameworks";
				PRODUCT_BUNDLE_IDENTIFIER = "com.himooo.Snail-School.Snail-SchoolTests";
				PRODUCT_NAME = "$(TARGET_NAME)";
				TEST_HOST = "$(BUILT_PRODUCTS_DIR)/Snail School.app/Snail School";
			};
			name = Release;
		};
		510AF36F1BEDE55F009E3555 /* Debug */ = {
			isa = XCBuildConfiguration;
			buildSettings = {
				INFOPLIST_FILE = "Snail SchoolUITests/Info.plist";
				LD_RUNPATH_SEARCH_PATHS = "$(inherited) @executable_path/Frameworks @loader_path/Frameworks";
				PRODUCT_BUNDLE_IDENTIFIER = "com.himooo.Snail-School.Snail-SchoolUITests";
				PRODUCT_NAME = "$(TARGET_NAME)";
				TEST_TARGET_NAME = "Snail School";
				USES_XCTRUNNER = YES;
			};
			name = Debug;
		};
		510AF3701BEDE55F009E3555 /* Release */ = {
			isa = XCBuildConfiguration;
			buildSettings = {
				INFOPLIST_FILE = "Snail SchoolUITests/Info.plist";
				LD_RUNPATH_SEARCH_PATHS = "$(inherited) @executable_path/Frameworks @loader_path/Frameworks";
				PRODUCT_BUNDLE_IDENTIFIER = "com.himooo.Snail-School.Snail-SchoolUITests";
				PRODUCT_NAME = "$(TARGET_NAME)";
				TEST_TARGET_NAME = "Snail School";
				USES_XCTRUNNER = YES;
			};
			name = Release;
		};
/* End XCBuildConfiguration section */

/* Begin XCConfigurationList section */
		510AF3361BEDE55E009E3555 /* Build configuration list for PBXProject "Snail School" */ = {
			isa = XCConfigurationList;
			buildConfigurations = (
				510AF3661BEDE55F009E3555 /* Debug */,
				510AF3671BEDE55F009E3555 /* Release */,
			);
			defaultConfigurationIsVisible = 0;
			defaultConfigurationName = Release;
		};
		510AF3681BEDE55F009E3555 /* Build configuration list for PBXNativeTarget "Snail School" */ = {
			isa = XCConfigurationList;
			buildConfigurations = (
				510AF3691BEDE55F009E3555 /* Debug */,
				510AF36A1BEDE55F009E3555 /* Release */,
			);
			defaultConfigurationIsVisible = 0;
			defaultConfigurationName = Release;
		};
		510AF36B1BEDE55F009E3555 /* Build configuration list for PBXNativeTarget "Snail SchoolTests" */ = {
			isa = XCConfigurationList;
			buildConfigurations = (
				510AF36C1BEDE55F009E3555 /* Debug */,
				510AF36D1BEDE55F009E3555 /* Release */,
			);
			defaultConfigurationIsVisible = 0;
			defaultConfigurationName = Release;
		};
		510AF36E1BEDE55F009E3555 /* Build configuration list for PBXNativeTarget "Snail SchoolUITests" */ = {
			isa = XCConfigurationList;
			buildConfigurations = (
				510AF36F1BEDE55F009E3555 /* Debug */,
				510AF3701BEDE55F009E3555 /* Release */,
			);
			defaultConfigurationIsVisible = 0;
			defaultConfigurationName = Release;
		};
/* End XCConfigurationList section */
	};
	rootObject = 510AF3331BEDE55E009E3555 /* Project object */;
}
